// !$*UTF8*$!
{
	archiveVersion = 1;
	classes = {
	};
	objectVersion = 48;
	objects = {

/* Begin PBXBuildFile section */
		FB7B520C1FCF15D80068786F /* AppDelegate.swift in Sources */ = {isa = PBXBuildFile; fileRef = FB7B520B1FCF15D80068786F /* AppDelegate.swift */; };
		FB7B520E1FCF15D80068786F /* ViewController.swift in Sources */ = {isa = PBXBuildFile; fileRef = FB7B520D1FCF15D80068786F /* ViewController.swift */; };
		FB7B52111FCF15D80068786F /* Main.storyboard in Resources */ = {isa = PBXBuildFile; fileRef = FB7B520F1FCF15D80068786F /* Main.storyboard */; };
		FB7B52131FCF15D80068786F /* Assets.xcassets in Resources */ = {isa = PBXBuildFile; fileRef = FB7B52121FCF15D80068786F /* Assets.xcassets */; };
		FB7B52161FCF15D80068786F /* LaunchScreen.storyboard in Resources */ = {isa = PBXBuildFile; fileRef = FB7B52141FCF15D80068786F /* LaunchScreen.storyboard */; };
/* End PBXBuildFile section */

/* Begin PBXFileReference section */
		FB7B52081FCF15D80068786F /* downloading image and save permanently.app */ = {isa = PBXFileReference; explicitFileType = wrapper.application; includeInIndex = 0; path = "downloading image and save permanently.app"; sourceTree = BUILT_PRODUCTS_DIR; };
		FB7B520B1FCF15D80068786F /* AppDelegate.swift */ = {isa = PBXFileReference; lastKnownFileType = sourcecode.swift; path = AppDelegate.swift; sourceTree = "<group>"; };
		FB7B520D1FCF15D80068786F /* ViewController.swift */ = {isa = PBXFileReference; lastKnownFileType = sourcecode.swift; path = ViewController.swift; sourceTree = "<group>"; };
		FB7B52101FCF15D80068786F /* Base */ = {isa = PBXFileReference; lastKnownFileType = file.storyboard; name = Base; path = Base.lproj/Main.storyboard; sourceTree = "<group>"; };
		FB7B52121FCF15D80068786F /* Assets.xcassets */ = {isa = PBXFileReference; lastKnownFileType = folder.assetcatalog; path = Assets.xcassets; sourceTree = "<group>"; };
		FB7B52151FCF15D80068786F /* Base */ = {isa = PBXFileReference; lastKnownFileType = file.storyboard; name = Base; path = Base.lproj/LaunchScreen.storyboard; sourceTree = "<group>"; };
		FB7B52171FCF15D80068786F /* Info.plist */ = {isa = PBXFileReference; lastKnownFileType = text.plist.xml; path = Info.plist; sourceTree = "<group>"; };
/* End PBXFileReference section */

/* Begin PBXFrameworksBuildPhase section */
		FB7B52051FCF15D80068786F /* Frameworks */ = {
			isa = PBXFrameworksBuildPhase;
			buildActionMask = 2147483647;
			files = (
			);
			runOnlyForDeploymentPostprocessing = 0;
		};
/* End PBXFrameworksBuildPhase section */

/* Begin PBXGroup section */
		FB7B51FF1FCF15D80068786F = {
			isa = PBXGroup;
			children = (
				FB7B520A1FCF15D80068786F /* downloading image and save permanently */,
				FB7B52091FCF15D80068786F /* Products */,
			);
			sourceTree = "<group>";
		};
		FB7B52091FCF15D80068786F /* Products */ = {
			isa = PBXGroup;
			children = (
				FB7B52081FCF15D80068786F /* downloading image and save permanently.app */,
			);
			name = Products;
			sourceTree = "<group>";
		};
		FB7B520A1FCF15D80068786F /* downloading image and save permanently */ = {
			isa = PBXGroup;
			children = (
				FB7B520B1FCF15D80068786F /* AppDelegate.swift */,
				FB7B520D1FCF15D80068786F /* ViewController.swift */,
				FB7B520F1FCF15D80068786F /* Main.storyboard */,
				FB7B52121FCF15D80068786F /* Assets.xcassets */,
				FB7B52141FCF15D80068786F /* LaunchScreen.storyboard */,
				FB7B52171FCF15D80068786F /* Info.plist */,
			);
			path = "downloading image and save permanently";
			sourceTree = "<group>";
		};
/* End PBXGroup section */

/* Begin PBXNativeTarget section */
		FB7B52071FCF15D80068786F /* downloading image and save permanently */ = {
			isa = PBXNativeTarget;
			buildConfigurationList = FB7B521A1FCF15D80068786F /* Build configuration list for PBXNativeTarget "downloading image and save permanently" */;
			buildPhases = (
				FB7B52041FCF15D80068786F /* Sources */,
				FB7B52051FCF15D80068786F /* Frameworks */,
				FB7B52061FCF15D80068786F /* Resources */,
			);
			buildRules = (
			);
			dependencies = (
			);
			name = "downloading image and save permanently";
			productName = "downloading image and save permanently";
			productReference = FB7B52081FCF15D80068786F /* downloading image and save permanently.app */;
			productType = "com.apple.product-type.application";
		};
/* End PBXNativeTarget section */

/* Begin PBXProject section */
		FB7B52001FCF15D80068786F /* Project object */ = {
			isa = PBXProject;
			attributes = {
				LastSwiftUpdateCheck = 0910;
				LastUpgradeCheck = 0910;
				ORGANIZATIONNAME = Gavin;
				TargetAttributes = {
					FB7B52071FCF15D80068786F = {
						CreatedOnToolsVersion = 9.1;
						ProvisioningStyle = Automatic;
					};
				};
			};
			buildConfigurationList = FB7B52031FCF15D80068786F /* Build configuration list for PBXProject "downloading image and save permanently" */;
			compatibilityVersion = "Xcode 8.0";
			developmentRegion = en;
			hasScannedForEncodings = 0;
			knownRegions = (
				en,
				Base,
			);
			mainGroup = FB7B51FF1FCF15D80068786F;
			productRefGroup = FB7B52091FCF15D80068786F /* Products */;
			projectDirPath = "";
			projectRoot = "";
			targets = (
				FB7B52071FCF15D80068786F /* downloading image and save permanently */,
			);
		};
/* End PBXProject section */

/* Begin PBXResourcesBuildPhase section */
		FB7B52061FCF15D80068786F /* Resources */ = {
			isa = PBXResourcesBuildPhase;
			buildActionMask = 2147483647;
			files = (
				FB7B52161FCF15D80068786F /* LaunchScreen.storyboard in Resources */,
				FB7B52131FCF15D80068786F /* Assets.xcassets in Resources */,
				FB7B52111FCF15D80068786F /* Main.storyboard in Resources */,
			);
			runOnlyForDeploymentPostprocessing = 0;
		};
/* End PBXResourcesBuildPhase section */

/* Begin PBXSourcesBuildPhase section */
		FB7B52041FCF15D80068786F /* Sources */ = {
			isa = PBXSourcesBuildPhase;
			buildActionMask = 2147483647;
			files = (
				FB7B520E1FCF15D80068786F /* ViewController.swift in Sources */,
				FB7B520C1FCF15D80068786F /* AppDelegate.swift in Sources */,
			);
			runOnlyForDeploymentPostprocessing = 0;
		};
/* End PBXSourcesBuildPhase section */

/* Begin PBXVariantGroup section */
		FB7B520F1FCF15D80068786F /* Main.storyboard */ = {
			isa = PBXVariantGroup;
			children = (
				FB7B52101FCF15D80068786F /* Base */,
			);
			name = Main.storyboard;
			sourceTree = "<group>";
		};
		FB7B52141FCF15D80068786F /* LaunchScreen.storyboard */ = {
			isa = PBXVariantGroup;
			children = (
				FB7B52151FCF15D80068786F /* Base */,
			);
			name = LaunchScreen.storyboard;
			sourceTree = "<group>";
		};
/* End PBXVariantGroup section */

/* Begin XCBuildConfiguration section */
		FB7B52181FCF15D80068786F /* Debug */ = {
			isa = XCBuildConfiguration;
			buildSettings = {
				ALWAYS_SEARCH_USER_PATHS = NO;
				CLANG_ANALYZER_NONNULL = YES;
				CLANG_ANALYZER_NUMBER_OBJECT_CONVERSION = YES_AGGRESSIVE;
				CLANG_CXX_LANGUAGE_STANDARD = "gnu++14";
				CLANG_CXX_LIBRARY = "libc++";
				CLANG_ENABLE_MODULES = YES;
				CLANG_ENABLE_OBJC_ARC = YES;
				CLANG_WARN_BLOCK_CAPTURE_AUTORELEASING = YES;
				CLANG_WARN_BOOL_CONVERSION = YES;
				CLANG_WARN_COMMA = YES;
				CLANG_WARN_CONSTANT_CONVERSION = YES;
				CLANG_WARN_DIRECT_OBJC_ISA_USAGE = YES_ERROR;
				CLANG_WARN_DOCUMENTATION_COMMENTS = YES;
				CLANG_WARN_EMPTY_BODY = YES;
				CLANG_WARN_ENUM_CONVERSION = YES;
				CLANG_WARN_INFINITE_RECURSION = YES;
				CLANG_WARN_INT_CONVERSION = YES;
				CLANG_WARN_NON_LITERAL_NULL_CONVERSION = YES;
				CLANG_WARN_OBJC_LITERAL_CONVERSION = YES;
				CLANG_WARN_OBJC_ROOT_CLASS = YES_ERROR;
				CLANG_WARN_RANGE_LOOP_ANALYSIS = YES;
				CLANG_WARN_STRICT_PROTOTYPES = YES;
				CLANG_WARN_SUSPICIOUS_MOVE = YES;
				CLANG_WARN_UNGUARDED_AVAILABILITY = YES_AGGRESSIVE;
				CLANG_WARN_UNREACHABLE_CODE = YES;
				CLANG_WARN__DUPLICATE_METHOD_MATCH = YES;
				CODE_SIGN_IDENTITY = "iPhone Developer";
				COPY_PHASE_STRIP = NO;
				DEBUG_INFORMATION_FORMAT = dwarf;
				ENABLE_STRICT_OBJC_MSGSEND = YES;
				ENABLE_TESTABILITY = YES;
				GCC_C_LANGUAGE_STANDARD = gnu11;
				GCC_DYNAMIC_NO_PIC = NO;
				GCC_NO_COMMON_BLOCKS = YES;
				GCC_OPTIMIZATION_LEVEL = 0;
				GCC_PREPROCESSOR_DEFINITIONS = (
					"DEBUG=1",
					"$(inherited)",
				);
				GCC_WARN_64_TO_32_BIT_CONVERSION = YES;
				GCC_WARN_ABOUT_RETURN_TYPE = YES_ERROR;
				GCC_WARN_UNDECLARED_SELECTOR = YES;
				GCC_WARN_UNINITIALIZED_AUTOS = YES_AGGRESSIVE;
				GCC_WARN_UNUSED_FUNCTION = YES;
				GCC_WARN_UNUSED_VARIABLE = YES;
				IPHONEOS_DEPLOYMENT_TARGET = 11.1;
				MTL_ENABLE_DEBUG_INFO = YES;
				ONLY_ACTIVE_ARCH = YES;
				SDKROOT = iphoneos;
				SWIFT_ACTIVE_COMPILATION_CONDITIONS = DEBUG;
				SWIFT_OPTIMIZATION_LEVEL = "-Onone";
			};
			name = Debug;
		};
		FB7B52191FCF15D80068786F /* Release */ = {
			isa = XCBuildConfiguration;
			buildSettings = {
				ALWAYS_SEARCH_USER_PATHS = NO;
				CLANG_ANALYZER_NONNULL = YES;
				CLANG_ANALYZER_NUMBER_OBJECT_CONVERSION = YES_AGGRESSIVE;
				CLANG_CXX_LANGUAGE_STANDARD = "gnu++14";
				CLANG_CXX_LIBRARY = "libc++";
				CLANG_ENABLE_MODULES = YES;
				CLANG_ENABLE_OBJC_ARC = YES;
				CLANG_WARN_BLOCK_CAPTURE_AUTORELEASING = YES;
				CLANG_WARN_BOOL_CONVERSION = YES;
				CLANG_WARN_COMMA = YES;
				CLANG_WARN_CONSTANT_CONVERSION = YES;
				CLANG_WARN_DIRECT_OBJC_ISA_USAGE = YES_ERROR;
				CLANG_WARN_DOCUMENTATION_COMMENTS = YES;
				CLANG_WARN_EMPTY_BODY = YES;
				CLANG_WARN_ENUM_CONVERSION = YES;
				CLANG_WARN_INFINITE_RECURSION = YES;
				CLANG_WARN_INT_CONVERSION = YES;
				CLANG_WARN_NON_LITERAL_NULL_CONVERSION = YES;
				CLANG_WARN_OBJC_LITERAL_CONVERSION = YES;
				CLANG_WARN_OBJC_ROOT_CLASS = YES_ERROR;
				CLANG_WARN_RANGE_LOOP_ANALYSIS = YES;
				CLANG_WARN_STRICT_PROTOTYPES = YES;
				CLANG_WARN_SUSPICIOUS_MOVE = YES;
				CLANG_WARN_UNGUARDED_AVAILABILITY = YES_AGGRESSIVE;
				CLANG_WARN_UNREACHABLE_CODE = YES;
				CLANG_WARN__DUPLICATE_METHOD_MATCH = YES;
				CODE_SIGN_IDENTITY = "iPhone Developer";
				COPY_PHASE_STRIP = NO;
				DEBUG_INFORMATION_FORMAT = "dwarf-with-dsym";
				ENABLE_NS_ASSERTIONS = NO;
				ENABLE_STRICT_OBJC_MSGSEND = YES;
				GCC_C_LANGUAGE_STANDARD = gnu11;
				GCC_NO_COMMON_BLOCKS = YES;
				GCC_WARN_64_TO_32_BIT_CONVERSION = YES;
				GCC_WARN_ABOUT_RETURN_TYPE = YES_ERROR;
				GCC_WARN_UNDECLARED_SELECTOR = YES;
				GCC_WARN_UNINITIALIZED_AUTOS = YES_AGGRESSIVE;
				GCC_WARN_UNUSED_FUNCTION = YES;
				GCC_WARN_UNUSED_VARIABLE = YES;
				IPHONEOS_DEPLOYMENT_TARGET = 11.1;
				MTL_ENABLE_DEBUG_INFO = NO;
				SDKROOT = iphoneos;
				SWIFT_OPTIMIZATION_LEVEL = "-Owholemodule";
				VALIDATE_PRODUCT = YES;
			};
			name = Release;
		};
		FB7B521B1FCF15D80068786F /* Debug */ = {
			isa = XCBuildConfiguration;
			buildSettings = {
				ASSETCATALOG_COMPILER_APPICON_NAME = AppIcon;
				CODE_SIGN_STYLE = Automatic;
				DEVELOPMENT_TEAM = 54L3G5756Z;
				INFOPLIST_FILE = "downloading image and save permanently/Info.plist";
				LD_RUNPATH_SEARCH_PATHS = "$(inherited) @executable_path/Frameworks";
				PRODUCT_BUNDLE_IDENTIFIER = "start.downloading-image-and-save-permanently";
				PRODUCT_NAME = "$(TARGET_NAME)";
				SWIFT_VERSION = 4.0;
				TARGETED_DEVICE_FAMILY = "1,2";
			};
			name = Debug;
		};
		FB7B521C1FCF15D80068786F /* Release */ = {
			isa = XCBuildConfiguration;
			buildSettings = {
				ASSETCATALOG_COMPILER_APPICON_NAME = AppIcon;
				CODE_SIGN_STYLE = Automatic;
				DEVELOPMENT_TEAM = 54L3G5756Z;
				INFOPLIST_FILE = "downloading image and save permanently/Info.plist";
				LD_RUNPATH_SEARCH_PATHS = "$(inherited) @executable_path/Frameworks";
				PRODUCT_BUNDLE_IDENTIFIER = "start.downloading-image-and-save-permanently";
				PRODUCT_NAME = "$(TARGET_NAME)";
				SWIFT_VERSION = 4.0;
				TARGETED_DEVICE_FAMILY = "1,2";
			};
			name = Release;
		};
/* End XCBuildConfiguration section */

/* Begin XCConfigurationList section */
		FB7B52031FCF15D80068786F /* Build configuration list for PBXProject "downloading image and save permanently" */ = {
			isa = XCConfigurationList;
			buildConfigurations = (
				FB7B52181FCF15D80068786F /* Debug */,
				FB7B52191FCF15D80068786F /* Release */,
			);
			defaultConfigurationIsVisible = 0;
			defaultConfigurationName = Release;
		};
		FB7B521A1FCF15D80068786F /* Build configuration list for PBXNativeTarget "downloading image and save permanently" */ = {
			isa = XCConfigurationList;
			buildConfigurations = (
				FB7B521B1FCF15D80068786F /* Debug */,
				FB7B521C1FCF15D80068786F /* Release */,
			);
			defaultConfigurationIsVisible = 0;
			defaultConfigurationName = Release;
		};
/* End XCConfigurationList section */
	};
	rootObject = FB7B52001FCF15D80068786F /* Project object */;
}
