// !$*UTF8*$!
{
	archiveVersion = 1;
	classes = {
	};
	objectVersion = 48;
	objects = {

/* Begin PBXBuildFile section */
		FB478B1C1FC7505B00DF2FE2 /* AppDelegate.swift in Sources */ = {isa = PBXBuildFile; fileRef = FB478B1B1FC7505B00DF2FE2 /* AppDelegate.swift */; };
		FB478B1E1FC7505B00DF2FE2 /* ViewController.swift in Sources */ = {isa = PBXBuildFile; fileRef = FB478B1D1FC7505B00DF2FE2 /* ViewController.swift */; };
		FB478B211FC7505B00DF2FE2 /* Main.storyboard in Resources */ = {isa = PBXBuildFile; fileRef = FB478B1F1FC7505B00DF2FE2 /* Main.storyboard */; };
		FB478B231FC7505B00DF2FE2 /* Assets.xcassets in Resources */ = {isa = PBXBuildFile; fileRef = FB478B221FC7505B00DF2FE2 /* Assets.xcassets */; };
		FB478B261FC7505B00DF2FE2 /* LaunchScreen.storyboard in Resources */ = {isa = PBXBuildFile; fileRef = FB478B241FC7505B00DF2FE2 /* LaunchScreen.storyboard */; };
/* End PBXBuildFile section */

/* Begin PBXFileReference section */
		FB478B181FC7505B00DF2FE2 /* webview revisited.app */ = {isa = PBXFileReference; explicitFileType = wrapper.application; includeInIndex = 0; path = "webview revisited.app"; sourceTree = BUILT_PRODUCTS_DIR; };
		FB478B1B1FC7505B00DF2FE2 /* AppDelegate.swift */ = {isa = PBXFileReference; lastKnownFileType = sourcecode.swift; path = AppDelegate.swift; sourceTree = "<group>"; };
		FB478B1D1FC7505B00DF2FE2 /* ViewController.swift */ = {isa = PBXFileReference; lastKnownFileType = sourcecode.swift; path = ViewController.swift; sourceTree = "<group>"; };
		FB478B201FC7505B00DF2FE2 /* Base */ = {isa = PBXFileReference; lastKnownFileType = file.storyboard; name = Base; path = Base.lproj/Main.storyboard; sourceTree = "<group>"; };
		FB478B221FC7505B00DF2FE2 /* Assets.xcassets */ = {isa = PBXFileReference; lastKnownFileType = folder.assetcatalog; path = Assets.xcassets; sourceTree = "<group>"; };
		FB478B251FC7505B00DF2FE2 /* Base */ = {isa = PBXFileReference; lastKnownFileType = file.storyboard; name = Base; path = Base.lproj/LaunchScreen.storyboard; sourceTree = "<group>"; };
		FB478B271FC7505B00DF2FE2 /* Info.plist */ = {isa = PBXFileReference; lastKnownFileType = text.plist.xml; path = Info.plist; sourceTree = "<group>"; };
/* End PBXFileReference section */

/* Begin PBXFrameworksBuildPhase section */
		FB478B151FC7505B00DF2FE2 /* Frameworks */ = {
			isa = PBXFrameworksBuildPhase;
			buildActionMask = 2147483647;
			files = (
			);
			runOnlyForDeploymentPostprocessing = 0;
		};
/* End PBXFrameworksBuildPhase section */

/* Begin PBXGroup section */
		FB478B0F1FC7505B00DF2FE2 = {
			isa = PBXGroup;
			children = (
				FB478B1A1FC7505B00DF2FE2 /* webview revisited */,
				FB478B191FC7505B00DF2FE2 /* Products */,
			);
			sourceTree = "<group>";
		};
		FB478B191FC7505B00DF2FE2 /* Products */ = {
			isa = PBXGroup;
			children = (
				FB478B181FC7505B00DF2FE2 /* webview revisited.app */,
			);
			name = Products;
			sourceTree = "<group>";
		};
		FB478B1A1FC7505B00DF2FE2 /* webview revisited */ = {
			isa = PBXGroup;
			children = (
				FB478B1B1FC7505B00DF2FE2 /* AppDelegate.swift */,
				FB478B1D1FC7505B00DF2FE2 /* ViewController.swift */,
				FB478B1F1FC7505B00DF2FE2 /* Main.storyboard */,
				FB478B221FC7505B00DF2FE2 /* Assets.xcassets */,
				FB478B241FC7505B00DF2FE2 /* LaunchScreen.storyboard */,
				FB478B271FC7505B00DF2FE2 /* Info.plist */,
			);
			path = "webview revisited";
			sourceTree = "<group>";
		};
/* End PBXGroup section */

/* Begin PBXNativeTarget section */
		FB478B171FC7505B00DF2FE2 /* webview revisited */ = {
			isa = PBXNativeTarget;
			buildConfigurationList = FB478B2A1FC7505B00DF2FE2 /* Build configuration list for PBXNativeTarget "webview revisited" */;
			buildPhases = (
				FB478B141FC7505B00DF2FE2 /* Sources */,
				FB478B151FC7505B00DF2FE2 /* Frameworks */,
				FB478B161FC7505B00DF2FE2 /* Resources */,
			);
			buildRules = (
			);
			dependencies = (
			);
			name = "webview revisited";
			productName = "webview revisited";
			productReference = FB478B181FC7505B00DF2FE2 /* webview revisited.app */;
			productType = "com.apple.product-type.application";
		};
/* End PBXNativeTarget section */

/* Begin PBXProject section */
		FB478B101FC7505B00DF2FE2 /* Project object */ = {
			isa = PBXProject;
			attributes = {
				LastSwiftUpdateCheck = 0910;
				LastUpgradeCheck = 0910;
				ORGANIZATIONNAME = Gavin;
				TargetAttributes = {
					FB478B171FC7505B00DF2FE2 = {
						CreatedOnToolsVersion = 9.1;
						ProvisioningStyle = Automatic;
					};
				};
			};
			buildConfigurationList = FB478B131FC7505B00DF2FE2 /* Build configuration list for PBXProject "webview revisited" */;
			compatibilityVersion = "Xcode 8.0";
			developmentRegion = en;
			hasScannedForEncodings = 0;
			knownRegions = (
				en,
				Base,
			);
			mainGroup = FB478B0F1FC7505B00DF2FE2;
			productRefGroup = FB478B191FC7505B00DF2FE2 /* Products */;
			projectDirPath = "";
			projectRoot = "";
			targets = (
				FB478B171FC7505B00DF2FE2 /* webview revisited */,
			);
		};
/* End PBXProject section */

/* Begin PBXResourcesBuildPhase section */
		FB478B161FC7505B00DF2FE2 /* Resources */ = {
			isa = PBXResourcesBuildPhase;
			buildActionMask = 2147483647;
			files = (
				FB478B261FC7505B00DF2FE2 /* LaunchScreen.storyboard in Resources */,
				FB478B231FC7505B00DF2FE2 /* Assets.xcassets in Resources */,
				FB478B211FC7505B00DF2FE2 /* Main.storyboard in Resources */,
			);
			runOnlyForDeploymentPostprocessing = 0;
		};
/* End PBXResourcesBuildPhase section */

/* Begin PBXSourcesBuildPhase section */
		FB478B141FC7505B00DF2FE2 /* Sources */ = {
			isa = PBXSourcesBuildPhase;
			buildActionMask = 2147483647;
			files = (
				FB478B1E1FC7505B00DF2FE2 /* ViewController.swift in Sources */,
				FB478B1C1FC7505B00DF2FE2 /* AppDelegate.swift in Sources */,
			);
			runOnlyForDeploymentPostprocessing = 0;
		};
/* End PBXSourcesBuildPhase section */

/* Begin PBXVariantGroup section */
		FB478B1F1FC7505B00DF2FE2 /* Main.storyboard */ = {
			isa = PBXVariantGroup;
			children = (
				FB478B201FC7505B00DF2FE2 /* Base */,
			);
			name = Main.storyboard;
			sourceTree = "<group>";
		};
		FB478B241FC7505B00DF2FE2 /* LaunchScreen.storyboard */ = {
			isa = PBXVariantGroup;
			children = (
				FB478B251FC7505B00DF2FE2 /* Base */,
			);
			name = LaunchScreen.storyboard;
			sourceTree = "<group>";
		};
/* End PBXVariantGroup section */

/* Begin XCBuildConfiguration section */
		FB478B281FC7505B00DF2FE2 /* Debug */ = {
			isa = XCBuildConfiguration;
			buildSettings = {
				ALWAYS_SEARCH_USER_PATHS = NO;
				CLANG_ANALYZER_NONNULL = YES;
				CLANG_ANALYZER_NUMBER_OBJECT_CONVERSION = YES_AGGRESSIVE;
				CLANG_CXX_LANGUAGE_STANDARD = "gnu++14";
				CLANG_CXX_LIBRARY = "libc++";
				CLANG_ENABLE_MODULES = YES;
				CLANG_ENABLE_OBJC_ARC = YES;
				CLANG_WARN_BLOCK_CAPTURE_AUTORELEASING = YES;
				CLANG_WARN_BOOL_CONVERSION = YES;
				CLANG_WARN_COMMA = YES;
				CLANG_WARN_CONSTANT_CONVERSION = YES;
				CLANG_WARN_DIRECT_OBJC_ISA_USAGE = YES_ERROR;
				CLANG_WARN_DOCUMENTATION_COMMENTS = YES;
				CLANG_WARN_EMPTY_BODY = YES;
				CLANG_WARN_ENUM_CONVERSION = YES;
				CLANG_WARN_INFINITE_RECURSION = YES;
				CLANG_WARN_INT_CONVERSION = YES;
				CLANG_WARN_NON_LITERAL_NULL_CONVERSION = YES;
				CLANG_WARN_OBJC_LITERAL_CONVERSION = YES;
				CLANG_WARN_OBJC_ROOT_CLASS = YES_ERROR;
				CLANG_WARN_RANGE_LOOP_ANALYSIS = YES;
				CLANG_WARN_STRICT_PROTOTYPES = YES;
				CLANG_WARN_SUSPICIOUS_MOVE = YES;
				CLANG_WARN_UNGUARDED_AVAILABILITY = YES_AGGRESSIVE;
				CLANG_WARN_UNREACHABLE_CODE = YES;
				CLANG_WARN__DUPLICATE_METHOD_MATCH = YES;
				CODE_SIGN_IDENTITY = "iPhone Developer";
				COPY_PHASE_STRIP = NO;
				DEBUG_INFORMATION_FORMAT = dwarf;
				ENABLE_STRICT_OBJC_MSGSEND = YES;
				ENABLE_TESTABILITY = YES;
				GCC_C_LANGUAGE_STANDARD = gnu11;
				GCC_DYNAMIC_NO_PIC = NO;
				GCC_NO_COMMON_BLOCKS = YES;
				GCC_OPTIMIZATION_LEVEL = 0;
				GCC_PREPROCESSOR_DEFINITIONS = (
					"DEBUG=1",
					"$(inherited)",
				);
				GCC_WARN_64_TO_32_BIT_CONVERSION = YES;
				GCC_WARN_ABOUT_RETURN_TYPE = YES_ERROR;
				GCC_WARN_UNDECLARED_SELECTOR = YES;
				GCC_WARN_UNINITIALIZED_AUTOS = YES_AGGRESSIVE;
				GCC_WARN_UNUSED_FUNCTION = YES;
				GCC_WARN_UNUSED_VARIABLE = YES;
				IPHONEOS_DEPLOYMENT_TARGET = 11.1;
				MTL_ENABLE_DEBUG_INFO = YES;
				ONLY_ACTIVE_ARCH = YES;
				SDKROOT = iphoneos;
				SWIFT_ACTIVE_COMPILATION_CONDITIONS = DEBUG;
				SWIFT_OPTIMIZATION_LEVEL = "-Onone";
			};
			name = Debug;
		};
		FB478B291FC7505B00DF2FE2 /* Release */ = {
			isa = XCBuildConfiguration;
			buildSettings = {
				ALWAYS_SEARCH_USER_PATHS = NO;
				CLANG_ANALYZER_NONNULL = YES;
				CLANG_ANALYZER_NUMBER_OBJECT_CONVERSION = YES_AGGRESSIVE;
				CLANG_CXX_LANGUAGE_STANDARD = "gnu++14";
				CLANG_CXX_LIBRARY = "libc++";
				CLANG_ENABLE_MODULES = YES;
				CLANG_ENABLE_OBJC_ARC = YES;
				CLANG_WARN_BLOCK_CAPTURE_AUTORELEASING = YES;
				CLANG_WARN_BOOL_CONVERSION = YES;
				CLANG_WARN_COMMA = YES;
				CLANG_WARN_CONSTANT_CONVERSION = YES;
				CLANG_WARN_DIRECT_OBJC_ISA_USAGE = YES_ERROR;
				CLANG_WARN_DOCUMENTATION_COMMENTS = YES;
				CLANG_WARN_EMPTY_BODY = YES;
				CLANG_WARN_ENUM_CONVERSION = YES;
				CLANG_WARN_INFINITE_RECURSION = YES;
				CLANG_WARN_INT_CONVERSION = YES;
				CLANG_WARN_NON_LITERAL_NULL_CONVERSION = YES;
				CLANG_WARN_OBJC_LITERAL_CONVERSION = YES;
				CLANG_WARN_OBJC_ROOT_CLASS = YES_ERROR;
				CLANG_WARN_RANGE_LOOP_ANALYSIS = YES;
				CLANG_WARN_STRICT_PROTOTYPES = YES;
				CLANG_WARN_SUSPICIOUS_MOVE = YES;
				CLANG_WARN_UNGUARDED_AVAILABILITY = YES_AGGRESSIVE;
				CLANG_WARN_UNREACHABLE_CODE = YES;
				CLANG_WARN__DUPLICATE_METHOD_MATCH = YES;
				CODE_SIGN_IDENTITY = "iPhone Developer";
				COPY_PHASE_STRIP = NO;
				DEBUG_INFORMATION_FORMAT = "dwarf-with-dsym";
				ENABLE_NS_ASSERTIONS = NO;
				ENABLE_STRICT_OBJC_MSGSEND = YES;
				GCC_C_LANGUAGE_STANDARD = gnu11;
				GCC_NO_COMMON_BLOCKS = YES;
				GCC_WARN_64_TO_32_BIT_CONVERSION = YES;
				GCC_WARN_ABOUT_RETURN_TYPE = YES_ERROR;
				GCC_WARN_UNDECLARED_SELECTOR = YES;
				GCC_WARN_UNINITIALIZED_AUTOS = YES_AGGRESSIVE;
				GCC_WARN_UNUSED_FUNCTION = YES;
				GCC_WARN_UNUSED_VARIABLE = YES;
				IPHONEOS_DEPLOYMENT_TARGET = 11.1;
				MTL_ENABLE_DEBUG_INFO = NO;
				SDKROOT = iphoneos;
				SWIFT_OPTIMIZATION_LEVEL = "-Owholemodule";
				VALIDATE_PRODUCT = YES;
			};
			name = Release;
		};
		FB478B2B1FC7505B00DF2FE2 /* Debug */ = {
			isa = XCBuildConfiguration;
			buildSettings = {
				ASSETCATALOG_COMPILER_APPICON_NAME = AppIcon;
				CODE_SIGN_STYLE = Automatic;
				INFOPLIST_FILE = "webview revisited/Info.plist";
				LD_RUNPATH_SEARCH_PATHS = "$(inherited) @executable_path/Frameworks";
				PRODUCT_BUNDLE_IDENTIFIER = "start.webview-revisited";
				PRODUCT_NAME = "$(TARGET_NAME)";
				SWIFT_VERSION = 4.0;
				TARGETED_DEVICE_FAMILY = "1,2";
			};
			name = Debug;
		};
		FB478B2C1FC7505B00DF2FE2 /* Release */ = {
			isa = XCBuildConfiguration;
			buildSettings = {
				ASSETCATALOG_COMPILER_APPICON_NAME = AppIcon;
				CODE_SIGN_STYLE = Automatic;
				INFOPLIST_FILE = "webview revisited/Info.plist";
				LD_RUNPATH_SEARCH_PATHS = "$(inherited) @executable_path/Frameworks";
				PRODUCT_BUNDLE_IDENTIFIER = "start.webview-revisited";
				PRODUCT_NAME = "$(TARGET_NAME)";
				SWIFT_VERSION = 4.0;
				TARGETED_DEVICE_FAMILY = "1,2";
			};
			name = Release;
		};
/* End XCBuildConfiguration section */

/* Begin XCConfigurationList section */
		FB478B131FC7505B00DF2FE2 /* Build configuration list for PBXProject "webview revisited" */ = {
			isa = XCConfigurationList;
			buildConfigurations = (
				FB478B281FC7505B00DF2FE2 /* Debug */,
				FB478B291FC7505B00DF2FE2 /* Release */,
			);
			defaultConfigurationIsVisible = 0;
			defaultConfigurationName = Release;
		};
		FB478B2A1FC7505B00DF2FE2 /* Build configuration list for PBXNativeTarget "webview revisited" */ = {
			isa = XCConfigurationList;
			buildConfigurations = (
				FB478B2B1FC7505B00DF2FE2 /* Debug */,
				FB478B2C1FC7505B00DF2FE2 /* Release */,
			);
			defaultConfigurationIsVisible = 0;
			defaultConfigurationName = Release;
		};
/* End XCConfigurationList section */
	};
	rootObject = FB478B101FC7505B00DF2FE2 /* Project object */;
}
