// !$*UTF8*$!
{
	archiveVersion = 1;
	classes = {
	};
	objectVersion = 48;
	objects = {

/* Begin PBXBuildFile section */
		FBCBF4B41FC62F6E0037DE34 /* AppDelegate.swift in Sources */ = {isa = PBXBuildFile; fileRef = FBCBF4B31FC62F6E0037DE34 /* AppDelegate.swift */; };
		FBCBF4B61FC62F6E0037DE34 /* ViewController.swift in Sources */ = {isa = PBXBuildFile; fileRef = FBCBF4B51FC62F6E0037DE34 /* ViewController.swift */; };
		FBCBF4B91FC62F6F0037DE34 /* Main.storyboard in Resources */ = {isa = PBXBuildFile; fileRef = FBCBF4B71FC62F6F0037DE34 /* Main.storyboard */; };
		FBCBF4BB1FC62F6F0037DE34 /* Assets.xcassets in Resources */ = {isa = PBXBuildFile; fileRef = FBCBF4BA1FC62F6F0037DE34 /* Assets.xcassets */; };
		FBCBF4BE1FC62F6F0037DE34 /* LaunchScreen.storyboard in Resources */ = {isa = PBXBuildFile; fileRef = FBCBF4BC1FC62F6F0037DE34 /* LaunchScreen.storyboard */; };
/* End PBXBuildFile section */

/* Begin PBXFileReference section */
		FBCBF4B01FC62F6C0037DE34 /* autoCompleter.app */ = {isa = PBXFileReference; explicitFileType = wrapper.application; includeInIndex = 0; path = autoCompleter.app; sourceTree = BUILT_PRODUCTS_DIR; };
		FBCBF4B31FC62F6E0037DE34 /* AppDelegate.swift */ = {isa = PBXFileReference; lastKnownFileType = sourcecode.swift; path = AppDelegate.swift; sourceTree = "<group>"; };
		FBCBF4B51FC62F6E0037DE34 /* ViewController.swift */ = {isa = PBXFileReference; lastKnownFileType = sourcecode.swift; path = ViewController.swift; sourceTree = "<group>"; };
		FBCBF4B81FC62F6F0037DE34 /* Base */ = {isa = PBXFileReference; lastKnownFileType = file.storyboard; name = Base; path = Base.lproj/Main.storyboard; sourceTree = "<group>"; };
		FBCBF4BA1FC62F6F0037DE34 /* Assets.xcassets */ = {isa = PBXFileReference; lastKnownFileType = folder.assetcatalog; path = Assets.xcassets; sourceTree = "<group>"; };
		FBCBF4BD1FC62F6F0037DE34 /* Base */ = {isa = PBXFileReference; lastKnownFileType = file.storyboard; name = Base; path = Base.lproj/LaunchScreen.storyboard; sourceTree = "<group>"; };
		FBCBF4BF1FC62F700037DE34 /* Info.plist */ = {isa = PBXFileReference; lastKnownFileType = text.plist.xml; path = Info.plist; sourceTree = "<group>"; };
/* End PBXFileReference section */

/* Begin PBXFrameworksBuildPhase section */
		FBCBF4AD1FC62F6C0037DE34 /* Frameworks */ = {
			isa = PBXFrameworksBuildPhase;
			buildActionMask = 2147483647;
			files = (
			);
			runOnlyForDeploymentPostprocessing = 0;
		};
/* End PBXFrameworksBuildPhase section */

/* Begin PBXGroup section */
		FBCBF4A71FC62F6B0037DE34 = {
			isa = PBXGroup;
			children = (
				FBCBF4B21FC62F6D0037DE34 /* autoCompleter */,
				FBCBF4B11FC62F6C0037DE34 /* Products */,
			);
			sourceTree = "<group>";
		};
		FBCBF4B11FC62F6C0037DE34 /* Products */ = {
			isa = PBXGroup;
			children = (
				FBCBF4B01FC62F6C0037DE34 /* autoCompleter.app */,
			);
			name = Products;
			sourceTree = "<group>";
		};
		FBCBF4B21FC62F6D0037DE34 /* autoCompleter */ = {
			isa = PBXGroup;
			children = (
				FBCBF4B31FC62F6E0037DE34 /* AppDelegate.swift */,
				FBCBF4B51FC62F6E0037DE34 /* ViewController.swift */,
				FBCBF4B71FC62F6F0037DE34 /* Main.storyboard */,
				FBCBF4BA1FC62F6F0037DE34 /* Assets.xcassets */,
				FBCBF4BC1FC62F6F0037DE34 /* LaunchScreen.storyboard */,
				FBCBF4BF1FC62F700037DE34 /* Info.plist */,
			);
			path = autoCompleter;
			sourceTree = "<group>";
		};
/* End PBXGroup section */

/* Begin PBXNativeTarget section */
		FBCBF4AF1FC62F6C0037DE34 /* autoCompleter */ = {
			isa = PBXNativeTarget;
			buildConfigurationList = FBCBF4C21FC62F700037DE34 /* Build configuration list for PBXNativeTarget "autoCompleter" */;
			buildPhases = (
				FBCBF4AC1FC62F6C0037DE34 /* Sources */,
				FBCBF4AD1FC62F6C0037DE34 /* Frameworks */,
				FBCBF4AE1FC62F6C0037DE34 /* Resources */,
			);
			buildRules = (
			);
			dependencies = (
			);
			name = autoCompleter;
			productName = autoCompleter;
			productReference = FBCBF4B01FC62F6C0037DE34 /* autoCompleter.app */;
			productType = "com.apple.product-type.application";
		};
/* End PBXNativeTarget section */

/* Begin PBXProject section */
		FBCBF4A81FC62F6C0037DE34 /* Project object */ = {
			isa = PBXProject;
			attributes = {
				LastSwiftUpdateCheck = 0910;
				LastUpgradeCheck = 0910;
				ORGANIZATIONNAME = Gavin;
				TargetAttributes = {
					FBCBF4AF1FC62F6C0037DE34 = {
						CreatedOnToolsVersion = 9.1;
						ProvisioningStyle = Automatic;
					};
				};
			};
			buildConfigurationList = FBCBF4AB1FC62F6C0037DE34 /* Build configuration list for PBXProject "autoCompleter" */;
			compatibilityVersion = "Xcode 8.0";
			developmentRegion = en;
			hasScannedForEncodings = 0;
			knownRegions = (
				en,
				Base,
			);
			mainGroup = FBCBF4A71FC62F6B0037DE34;
			productRefGroup = FBCBF4B11FC62F6C0037DE34 /* Products */;
			projectDirPath = "";
			projectRoot = "";
			targets = (
				FBCBF4AF1FC62F6C0037DE34 /* autoCompleter */,
			);
		};
/* End PBXProject section */

/* Begin PBXResourcesBuildPhase section */
		FBCBF4AE1FC62F6C0037DE34 /* Resources */ = {
			isa = PBXResourcesBuildPhase;
			buildActionMask = 2147483647;
			files = (
				FBCBF4BE1FC62F6F0037DE34 /* LaunchScreen.storyboard in Resources */,
				FBCBF4BB1FC62F6F0037DE34 /* Assets.xcassets in Resources */,
				FBCBF4B91FC62F6F0037DE34 /* Main.storyboard in Resources */,
			);
			runOnlyForDeploymentPostprocessing = 0;
		};
/* End PBXResourcesBuildPhase section */

/* Begin PBXSourcesBuildPhase section */
		FBCBF4AC1FC62F6C0037DE34 /* Sources */ = {
			isa = PBXSourcesBuildPhase;
			buildActionMask = 2147483647;
			files = (
				FBCBF4B61FC62F6E0037DE34 /* ViewController.swift in Sources */,
				FBCBF4B41FC62F6E0037DE34 /* AppDelegate.swift in Sources */,
			);
			runOnlyForDeploymentPostprocessing = 0;
		};
/* End PBXSourcesBuildPhase section */

/* Begin PBXVariantGroup section */
		FBCBF4B71FC62F6F0037DE34 /* Main.storyboard */ = {
			isa = PBXVariantGroup;
			children = (
				FBCBF4B81FC62F6F0037DE34 /* Base */,
			);
			name = Main.storyboard;
			sourceTree = "<group>";
		};
		FBCBF4BC1FC62F6F0037DE34 /* LaunchScreen.storyboard */ = {
			isa = PBXVariantGroup;
			children = (
				FBCBF4BD1FC62F6F0037DE34 /* Base */,
			);
			name = LaunchScreen.storyboard;
			sourceTree = "<group>";
		};
/* End PBXVariantGroup section */

/* Begin XCBuildConfiguration section */
		FBCBF4C01FC62F700037DE34 /* Debug */ = {
			isa = XCBuildConfiguration;
			buildSettings = {
				ALWAYS_SEARCH_USER_PATHS = NO;
				CLANG_ANALYZER_NONNULL = YES;
				CLANG_ANALYZER_NUMBER_OBJECT_CONVERSION = YES_AGGRESSIVE;
				CLANG_CXX_LANGUAGE_STANDARD = "gnu++14";
				CLANG_CXX_LIBRARY = "libc++";
				CLANG_ENABLE_MODULES = YES;
				CLANG_ENABLE_OBJC_ARC = YES;
				CLANG_WARN_BLOCK_CAPTURE_AUTORELEASING = YES;
				CLANG_WARN_BOOL_CONVERSION = YES;
				CLANG_WARN_COMMA = YES;
				CLANG_WARN_CONSTANT_CONVERSION = YES;
				CLANG_WARN_DIRECT_OBJC_ISA_USAGE = YES_ERROR;
				CLANG_WARN_DOCUMENTATION_COMMENTS = YES;
				CLANG_WARN_EMPTY_BODY = YES;
				CLANG_WARN_ENUM_CONVERSION = YES;
				CLANG_WARN_INFINITE_RECURSION = YES;
				CLANG_WARN_INT_CONVERSION = YES;
				CLANG_WARN_NON_LITERAL_NULL_CONVERSION = YES;
				CLANG_WARN_OBJC_LITERAL_CONVERSION = YES;
				CLANG_WARN_OBJC_ROOT_CLASS = YES_ERROR;
				CLANG_WARN_RANGE_LOOP_ANALYSIS = YES;
				CLANG_WARN_STRICT_PROTOTYPES = YES;
				CLANG_WARN_SUSPICIOUS_MOVE = YES;
				CLANG_WARN_UNGUARDED_AVAILABILITY = YES_AGGRESSIVE;
				CLANG_WARN_UNREACHABLE_CODE = YES;
				CLANG_WARN__DUPLICATE_METHOD_MATCH = YES;
				CODE_SIGN_IDENTITY = "iPhone Developer";
				COPY_PHASE_STRIP = NO;
				DEBUG_INFORMATION_FORMAT = dwarf;
				ENABLE_STRICT_OBJC_MSGSEND = YES;
				ENABLE_TESTABILITY = YES;
				GCC_C_LANGUAGE_STANDARD = gnu11;
				GCC_DYNAMIC_NO_PIC = NO;
				GCC_NO_COMMON_BLOCKS = YES;
				GCC_OPTIMIZATION_LEVEL = 0;
				GCC_PREPROCESSOR_DEFINITIONS = (
					"DEBUG=1",
					"$(inherited)",
				);
				GCC_WARN_64_TO_32_BIT_CONVERSION = YES;
				GCC_WARN_ABOUT_RETURN_TYPE = YES_ERROR;
				GCC_WARN_UNDECLARED_SELECTOR = YES;
				GCC_WARN_UNINITIALIZED_AUTOS = YES_AGGRESSIVE;
				GCC_WARN_UNUSED_FUNCTION = YES;
				GCC_WARN_UNUSED_VARIABLE = YES;
				IPHONEOS_DEPLOYMENT_TARGET = 11.1;
				MTL_ENABLE_DEBUG_INFO = YES;
				ONLY_ACTIVE_ARCH = YES;
				SDKROOT = iphoneos;
				SWIFT_ACTIVE_COMPILATION_CONDITIONS = DEBUG;
				SWIFT_OPTIMIZATION_LEVEL = "-Onone";
			};
			name = Debug;
		};
		FBCBF4C11FC62F700037DE34 /* Release */ = {
			isa = XCBuildConfiguration;
			buildSettings = {
				ALWAYS_SEARCH_USER_PATHS = NO;
				CLANG_ANALYZER_NONNULL = YES;
				CLANG_ANALYZER_NUMBER_OBJECT_CONVERSION = YES_AGGRESSIVE;
				CLANG_CXX_LANGUAGE_STANDARD = "gnu++14";
				CLANG_CXX_LIBRARY = "libc++";
				CLANG_ENABLE_MODULES = YES;
				CLANG_ENABLE_OBJC_ARC = YES;
				CLANG_WARN_BLOCK_CAPTURE_AUTORELEASING = YES;
				CLANG_WARN_BOOL_CONVERSION = YES;
				CLANG_WARN_COMMA = YES;
				CLANG_WARN_CONSTANT_CONVERSION = YES;
				CLANG_WARN_DIRECT_OBJC_ISA_USAGE = YES_ERROR;
				CLANG_WARN_DOCUMENTATION_COMMENTS = YES;
				CLANG_WARN_EMPTY_BODY = YES;
				CLANG_WARN_ENUM_CONVERSION = YES;
				CLANG_WARN_INFINITE_RECURSION = YES;
				CLANG_WARN_INT_CONVERSION = YES;
				CLANG_WARN_NON_LITERAL_NULL_CONVERSION = YES;
				CLANG_WARN_OBJC_LITERAL_CONVERSION = YES;
				CLANG_WARN_OBJC_ROOT_CLASS = YES_ERROR;
				CLANG_WARN_RANGE_LOOP_ANALYSIS = YES;
				CLANG_WARN_STRICT_PROTOTYPES = YES;
				CLANG_WARN_SUSPICIOUS_MOVE = YES;
				CLANG_WARN_UNGUARDED_AVAILABILITY = YES_AGGRESSIVE;
				CLANG_WARN_UNREACHABLE_CODE = YES;
				CLANG_WARN__DUPLICATE_METHOD_MATCH = YES;
				CODE_SIGN_IDENTITY = "iPhone Developer";
				COPY_PHASE_STRIP = NO;
				DEBUG_INFORMATION_FORMAT = "dwarf-with-dsym";
				ENABLE_NS_ASSERTIONS = NO;
				ENABLE_STRICT_OBJC_MSGSEND = YES;
				GCC_C_LANGUAGE_STANDARD = gnu11;
				GCC_NO_COMMON_BLOCKS = YES;
				GCC_WARN_64_TO_32_BIT_CONVERSION = YES;
				GCC_WARN_ABOUT_RETURN_TYPE = YES_ERROR;
				GCC_WARN_UNDECLARED_SELECTOR = YES;
				GCC_WARN_UNINITIALIZED_AUTOS = YES_AGGRESSIVE;
				GCC_WARN_UNUSED_FUNCTION = YES;
				GCC_WARN_UNUSED_VARIABLE = YES;
				IPHONEOS_DEPLOYMENT_TARGET = 11.1;
				MTL_ENABLE_DEBUG_INFO = NO;
				SDKROOT = iphoneos;
				SWIFT_OPTIMIZATION_LEVEL = "-Owholemodule";
				VALIDATE_PRODUCT = YES;
			};
			name = Release;
		};
		FBCBF4C31FC62F700037DE34 /* Debug */ = {
			isa = XCBuildConfiguration;
			buildSettings = {
				ASSETCATALOG_COMPILER_APPICON_NAME = AppIcon;
				CODE_SIGN_STYLE = Automatic;
				INFOPLIST_FILE = autoCompleter/Info.plist;
				LD_RUNPATH_SEARCH_PATHS = "$(inherited) @executable_path/Frameworks";
				PRODUCT_BUNDLE_IDENTIFIER = start.autoCompleter;
				PRODUCT_NAME = "$(TARGET_NAME)";
				SWIFT_VERSION = 4.0;
				TARGETED_DEVICE_FAMILY = "1,2";
			};
			name = Debug;
		};
		FBCBF4C41FC62F700037DE34 /* Release */ = {
			isa = XCBuildConfiguration;
			buildSettings = {
				ASSETCATALOG_COMPILER_APPICON_NAME = AppIcon;
				CODE_SIGN_STYLE = Automatic;
				INFOPLIST_FILE = autoCompleter/Info.plist;
				LD_RUNPATH_SEARCH_PATHS = "$(inherited) @executable_path/Frameworks";
				PRODUCT_BUNDLE_IDENTIFIER = start.autoCompleter;
				PRODUCT_NAME = "$(TARGET_NAME)";
				SWIFT_VERSION = 4.0;
				TARGETED_DEVICE_FAMILY = "1,2";
			};
			name = Release;
		};
/* End XCBuildConfiguration section */

/* Begin XCConfigurationList section */
		FBCBF4AB1FC62F6C0037DE34 /* Build configuration list for PBXProject "autoCompleter" */ = {
			isa = XCConfigurationList;
			buildConfigurations = (
				FBCBF4C01FC62F700037DE34 /* Debug */,
				FBCBF4C11FC62F700037DE34 /* Release */,
			);
			defaultConfigurationIsVisible = 0;
			defaultConfigurationName = Release;
		};
		FBCBF4C21FC62F700037DE34 /* Build configuration list for PBXNativeTarget "autoCompleter" */ = {
			isa = XCConfigurationList;
			buildConfigurations = (
				FBCBF4C31FC62F700037DE34 /* Debug */,
				FBCBF4C41FC62F700037DE34 /* Release */,
			);
			defaultConfigurationIsVisible = 0;
			defaultConfigurationName = Release;
		};
/* End XCConfigurationList section */
	};
	rootObject = FBCBF4A81FC62F6C0037DE34 /* Project object */;
}
