// !$*UTF8*$!
{
	archiveVersion = 1;
	classes = {
	};
	objectVersion = 46;
	objects = {

/* Begin PBXBuildFile section */
		FB7AE6BD1F86AC4000EFC764 /* AppDelegate.swift in Sources */ = {isa = PBXBuildFile; fileRef = FB7AE6BC1F86AC4000EFC764 /* AppDelegate.swift */; };
		FB7AE6BF1F86AC4000EFC764 /* ViewController.swift in Sources */ = {isa = PBXBuildFile; fileRef = FB7AE6BE1F86AC4000EFC764 /* ViewController.swift */; };
		FB7AE6C21F86AC4000EFC764 /* Main.storyboard in Resources */ = {isa = PBXBuildFile; fileRef = FB7AE6C01F86AC4000EFC764 /* Main.storyboard */; };
		FB7AE6C41F86AC4000EFC764 /* Assets.xcassets in Resources */ = {isa = PBXBuildFile; fileRef = FB7AE6C31F86AC4000EFC764 /* Assets.xcassets */; };
		FB7AE6C71F86AC4000EFC764 /* LaunchScreen.storyboard in Resources */ = {isa = PBXBuildFile; fileRef = FB7AE6C51F86AC4000EFC764 /* LaunchScreen.storyboard */; };
		FB7AE6D21F86AC4000EFC764 /* WebviewTests.swift in Sources */ = {isa = PBXBuildFile; fileRef = FB7AE6D11F86AC4000EFC764 /* WebviewTests.swift */; };
		FB7AE6DD1F86AC4000EFC764 /* WebviewUITests.swift in Sources */ = {isa = PBXBuildFile; fileRef = FB7AE6DC1F86AC4000EFC764 /* WebviewUITests.swift */; };
/* End PBXBuildFile section */

/* Begin PBXContainerItemProxy section */
		FB7AE6CE1F86AC4000EFC764 /* PBXContainerItemProxy */ = {
			isa = PBXContainerItemProxy;
			containerPortal = FB7AE6B11F86AC3F00EFC764 /* Project object */;
			proxyType = 1;
			remoteGlobalIDString = FB7AE6B81F86AC3F00EFC764;
			remoteInfo = Webview;
		};
		FB7AE6D91F86AC4000EFC764 /* PBXContainerItemProxy */ = {
			isa = PBXContainerItemProxy;
			containerPortal = FB7AE6B11F86AC3F00EFC764 /* Project object */;
			proxyType = 1;
			remoteGlobalIDString = FB7AE6B81F86AC3F00EFC764;
			remoteInfo = Webview;
		};
/* End PBXContainerItemProxy section */

/* Begin PBXFileReference section */
		FB7AE6B91F86AC3F00EFC764 /* Webview.app */ = {isa = PBXFileReference; explicitFileType = wrapper.application; includeInIndex = 0; path = Webview.app; sourceTree = BUILT_PRODUCTS_DIR; };
		FB7AE6BC1F86AC4000EFC764 /* AppDelegate.swift */ = {isa = PBXFileReference; lastKnownFileType = sourcecode.swift; path = AppDelegate.swift; sourceTree = "<group>"; };
		FB7AE6BE1F86AC4000EFC764 /* ViewController.swift */ = {isa = PBXFileReference; lastKnownFileType = sourcecode.swift; path = ViewController.swift; sourceTree = "<group>"; };
		FB7AE6C11F86AC4000EFC764 /* Base */ = {isa = PBXFileReference; lastKnownFileType = file.storyboard; name = Base; path = Base.lproj/Main.storyboard; sourceTree = "<group>"; };
		FB7AE6C31F86AC4000EFC764 /* Assets.xcassets */ = {isa = PBXFileReference; lastKnownFileType = folder.assetcatalog; path = Assets.xcassets; sourceTree = "<group>"; };
		FB7AE6C61F86AC4000EFC764 /* Base */ = {isa = PBXFileReference; lastKnownFileType = file.storyboard; name = Base; path = Base.lproj/LaunchScreen.storyboard; sourceTree = "<group>"; };
		FB7AE6C81F86AC4000EFC764 /* Info.plist */ = {isa = PBXFileReference; lastKnownFileType = text.plist.xml; path = Info.plist; sourceTree = "<group>"; };
		FB7AE6CD1F86AC4000EFC764 /* WebviewTests.xctest */ = {isa = PBXFileReference; explicitFileType = wrapper.cfbundle; includeInIndex = 0; path = WebviewTests.xctest; sourceTree = BUILT_PRODUCTS_DIR; };
		FB7AE6D11F86AC4000EFC764 /* WebviewTests.swift */ = {isa = PBXFileReference; lastKnownFileType = sourcecode.swift; path = WebviewTests.swift; sourceTree = "<group>"; };
		FB7AE6D31F86AC4000EFC764 /* Info.plist */ = {isa = PBXFileReference; lastKnownFileType = text.plist.xml; path = Info.plist; sourceTree = "<group>"; };
		FB7AE6D81F86AC4000EFC764 /* WebviewUITests.xctest */ = {isa = PBXFileReference; explicitFileType = wrapper.cfbundle; includeInIndex = 0; path = WebviewUITests.xctest; sourceTree = BUILT_PRODUCTS_DIR; };
		FB7AE6DC1F86AC4000EFC764 /* WebviewUITests.swift */ = {isa = PBXFileReference; lastKnownFileType = sourcecode.swift; path = WebviewUITests.swift; sourceTree = "<group>"; };
		FB7AE6DE1F86AC4000EFC764 /* Info.plist */ = {isa = PBXFileReference; lastKnownFileType = text.plist.xml; path = Info.plist; sourceTree = "<group>"; };
/* End PBXFileReference section */

/* Begin PBXFrameworksBuildPhase section */
		FB7AE6B61F86AC3F00EFC764 /* Frameworks */ = {
			isa = PBXFrameworksBuildPhase;
			buildActionMask = 2147483647;
			files = (
			);
			runOnlyForDeploymentPostprocessing = 0;
		};
		FB7AE6CA1F86AC4000EFC764 /* Frameworks */ = {
			isa = PBXFrameworksBuildPhase;
			buildActionMask = 2147483647;
			files = (
			);
			runOnlyForDeploymentPostprocessing = 0;
		};
		FB7AE6D51F86AC4000EFC764 /* Frameworks */ = {
			isa = PBXFrameworksBuildPhase;
			buildActionMask = 2147483647;
			files = (
			);
			runOnlyForDeploymentPostprocessing = 0;
		};
/* End PBXFrameworksBuildPhase section */

/* Begin PBXGroup section */
		FB7AE6B01F86AC3F00EFC764 = {
			isa = PBXGroup;
			children = (
				FB7AE6BB1F86AC4000EFC764 /* Webview */,
				FB7AE6D01F86AC4000EFC764 /* WebviewTests */,
				FB7AE6DB1F86AC4000EFC764 /* WebviewUITests */,
				FB7AE6BA1F86AC3F00EFC764 /* Products */,
			);
			sourceTree = "<group>";
		};
		FB7AE6BA1F86AC3F00EFC764 /* Products */ = {
			isa = PBXGroup;
			children = (
				FB7AE6B91F86AC3F00EFC764 /* Webview.app */,
				FB7AE6CD1F86AC4000EFC764 /* WebviewTests.xctest */,
				FB7AE6D81F86AC4000EFC764 /* WebviewUITests.xctest */,
			);
			name = Products;
			sourceTree = "<group>";
		};
		FB7AE6BB1F86AC4000EFC764 /* Webview */ = {
			isa = PBXGroup;
			children = (
				FB7AE6BC1F86AC4000EFC764 /* AppDelegate.swift */,
				FB7AE6BE1F86AC4000EFC764 /* ViewController.swift */,
				FB7AE6C01F86AC4000EFC764 /* Main.storyboard */,
				FB7AE6C31F86AC4000EFC764 /* Assets.xcassets */,
				FB7AE6C51F86AC4000EFC764 /* LaunchScreen.storyboard */,
				FB7AE6C81F86AC4000EFC764 /* Info.plist */,
			);
			path = Webview;
			sourceTree = "<group>";
		};
		FB7AE6D01F86AC4000EFC764 /* WebviewTests */ = {
			isa = PBXGroup;
			children = (
				FB7AE6D11F86AC4000EFC764 /* WebviewTests.swift */,
				FB7AE6D31F86AC4000EFC764 /* Info.plist */,
			);
			path = WebviewTests;
			sourceTree = "<group>";
		};
		FB7AE6DB1F86AC4000EFC764 /* WebviewUITests */ = {
			isa = PBXGroup;
			children = (
				FB7AE6DC1F86AC4000EFC764 /* WebviewUITests.swift */,
				FB7AE6DE1F86AC4000EFC764 /* Info.plist */,
			);
			path = WebviewUITests;
			sourceTree = "<group>";
		};
/* End PBXGroup section */

/* Begin PBXNativeTarget section */
		FB7AE6B81F86AC3F00EFC764 /* Webview */ = {
			isa = PBXNativeTarget;
			buildConfigurationList = FB7AE6E11F86AC4000EFC764 /* Build configuration list for PBXNativeTarget "Webview" */;
			buildPhases = (
				FB7AE6B51F86AC3F00EFC764 /* Sources */,
				FB7AE6B61F86AC3F00EFC764 /* Frameworks */,
				FB7AE6B71F86AC3F00EFC764 /* Resources */,
			);
			buildRules = (
			);
			dependencies = (
			);
			name = Webview;
			productName = Webview;
			productReference = FB7AE6B91F86AC3F00EFC764 /* Webview.app */;
			productType = "com.apple.product-type.application";
		};
		FB7AE6CC1F86AC4000EFC764 /* WebviewTests */ = {
			isa = PBXNativeTarget;
			buildConfigurationList = FB7AE6E41F86AC4000EFC764 /* Build configuration list for PBXNativeTarget "WebviewTests" */;
			buildPhases = (
				FB7AE6C91F86AC4000EFC764 /* Sources */,
				FB7AE6CA1F86AC4000EFC764 /* Frameworks */,
				FB7AE6CB1F86AC4000EFC764 /* Resources */,
			);
			buildRules = (
			);
			dependencies = (
				FB7AE6CF1F86AC4000EFC764 /* PBXTargetDependency */,
			);
			name = WebviewTests;
			productName = WebviewTests;
			productReference = FB7AE6CD1F86AC4000EFC764 /* WebviewTests.xctest */;
			productType = "com.apple.product-type.bundle.unit-test";
		};
		FB7AE6D71F86AC4000EFC764 /* WebviewUITests */ = {
			isa = PBXNativeTarget;
			buildConfigurationList = FB7AE6E71F86AC4000EFC764 /* Build configuration list for PBXNativeTarget "WebviewUITests" */;
			buildPhases = (
				FB7AE6D41F86AC4000EFC764 /* Sources */,
				FB7AE6D51F86AC4000EFC764 /* Frameworks */,
				FB7AE6D61F86AC4000EFC764 /* Resources */,
			);
			buildRules = (
			);
			dependencies = (
				FB7AE6DA1F86AC4000EFC764 /* PBXTargetDependency */,
			);
			name = WebviewUITests;
			productName = WebviewUITests;
			productReference = FB7AE6D81F86AC4000EFC764 /* WebviewUITests.xctest */;
			productType = "com.apple.product-type.bundle.ui-testing";
		};
/* End PBXNativeTarget section */

/* Begin PBXProject section */
		FB7AE6B11F86AC3F00EFC764 /* Project object */ = {
			isa = PBXProject;
			attributes = {
				LastSwiftUpdateCheck = 0730;
				LastUpgradeCheck = 0730;
				ORGANIZATIONNAME = Gavin;
				TargetAttributes = {
					FB7AE6B81F86AC3F00EFC764 = {
						CreatedOnToolsVersion = 7.3.1;
					};
					FB7AE6CC1F86AC4000EFC764 = {
						CreatedOnToolsVersion = 7.3.1;
						TestTargetID = FB7AE6B81F86AC3F00EFC764;
					};
					FB7AE6D71F86AC4000EFC764 = {
						CreatedOnToolsVersion = 7.3.1;
						TestTargetID = FB7AE6B81F86AC3F00EFC764;
					};
				};
			};
			buildConfigurationList = FB7AE6B41F86AC3F00EFC764 /* Build configuration list for PBXProject "Webview" */;
			compatibilityVersion = "Xcode 3.2";
			developmentRegion = English;
			hasScannedForEncodings = 0;
			knownRegions = (
				en,
				Base,
			);
			mainGroup = FB7AE6B01F86AC3F00EFC764;
			productRefGroup = FB7AE6BA1F86AC3F00EFC764 /* Products */;
			projectDirPath = "";
			projectRoot = "";
			targets = (
				FB7AE6B81F86AC3F00EFC764 /* Webview */,
				FB7AE6CC1F86AC4000EFC764 /* WebviewTests */,
				FB7AE6D71F86AC4000EFC764 /* WebviewUITests */,
			);
		};
/* End PBXProject section */

/* Begin PBXResourcesBuildPhase section */
		FB7AE6B71F86AC3F00EFC764 /* Resources */ = {
			isa = PBXResourcesBuildPhase;
			buildActionMask = 2147483647;
			files = (
				FB7AE6C71F86AC4000EFC764 /* LaunchScreen.storyboard in Resources */,
				FB7AE6C41F86AC4000EFC764 /* Assets.xcassets in Resources */,
				FB7AE6C21F86AC4000EFC764 /* Main.storyboard in Resources */,
			);
			runOnlyForDeploymentPostprocessing = 0;
		};
		FB7AE6CB1F86AC4000EFC764 /* Resources */ = {
			isa = PBXResourcesBuildPhase;
			buildActionMask = 2147483647;
			files = (
			);
			runOnlyForDeploymentPostprocessing = 0;
		};
		FB7AE6D61F86AC4000EFC764 /* Resources */ = {
			isa = PBXResourcesBuildPhase;
			buildActionMask = 2147483647;
			files = (
			);
			runOnlyForDeploymentPostprocessing = 0;
		};
/* End PBXResourcesBuildPhase section */

/* Begin PBXSourcesBuildPhase section */
		FB7AE6B51F86AC3F00EFC764 /* Sources */ = {
			isa = PBXSourcesBuildPhase;
			buildActionMask = 2147483647;
			files = (
				FB7AE6BF1F86AC4000EFC764 /* ViewController.swift in Sources */,
				FB7AE6BD1F86AC4000EFC764 /* AppDelegate.swift in Sources */,
			);
			runOnlyForDeploymentPostprocessing = 0;
		};
		FB7AE6C91F86AC4000EFC764 /* Sources */ = {
			isa = PBXSourcesBuildPhase;
			buildActionMask = 2147483647;
			files = (
				FB7AE6D21F86AC4000EFC764 /* WebviewTests.swift in Sources */,
			);
			runOnlyForDeploymentPostprocessing = 0;
		};
		FB7AE6D41F86AC4000EFC764 /* Sources */ = {
			isa = PBXSourcesBuildPhase;
			buildActionMask = 2147483647;
			files = (
				FB7AE6DD1F86AC4000EFC764 /* WebviewUITests.swift in Sources */,
			);
			runOnlyForDeploymentPostprocessing = 0;
		};
/* End PBXSourcesBuildPhase section */

/* Begin PBXTargetDependency section */
		FB7AE6CF1F86AC4000EFC764 /* PBXTargetDependency */ = {
			isa = PBXTargetDependency;
			target = FB7AE6B81F86AC3F00EFC764 /* Webview */;
			targetProxy = FB7AE6CE1F86AC4000EFC764 /* PBXContainerItemProxy */;
		};
		FB7AE6DA1F86AC4000EFC764 /* PBXTargetDependency */ = {
			isa = PBXTargetDependency;
			target = FB7AE6B81F86AC3F00EFC764 /* Webview */;
			targetProxy = FB7AE6D91F86AC4000EFC764 /* PBXContainerItemProxy */;
		};
/* End PBXTargetDependency section */

/* Begin PBXVariantGroup section */
		FB7AE6C01F86AC4000EFC764 /* Main.storyboard */ = {
			isa = PBXVariantGroup;
			children = (
				FB7AE6C11F86AC4000EFC764 /* Base */,
			);
			name = Main.storyboard;
			sourceTree = "<group>";
		};
		FB7AE6C51F86AC4000EFC764 /* LaunchScreen.storyboard */ = {
			isa = PBXVariantGroup;
			children = (
				FB7AE6C61F86AC4000EFC764 /* Base */,
			);
			name = LaunchScreen.storyboard;
			sourceTree = "<group>";
		};
/* End PBXVariantGroup section */

/* Begin XCBuildConfiguration section */
		FB7AE6DF1F86AC4000EFC764 /* Debug */ = {
			isa = XCBuildConfiguration;
			buildSettings = {
				ALWAYS_SEARCH_USER_PATHS = NO;
				CLANG_ANALYZER_NONNULL = YES;
				CLANG_CXX_LANGUAGE_STANDARD = "gnu++0x";
				CLANG_CXX_LIBRARY = "libc++";
				CLANG_ENABLE_MODULES = YES;
				CLANG_ENABLE_OBJC_ARC = YES;
				CLANG_WARN_BOOL_CONVERSION = YES;
				CLANG_WARN_CONSTANT_CONVERSION = YES;
				CLANG_WARN_DIRECT_OBJC_ISA_USAGE = YES_ERROR;
				CLANG_WARN_EMPTY_BODY = YES;
				CLANG_WARN_ENUM_CONVERSION = YES;
				CLANG_WARN_INT_CONVERSION = YES;
				CLANG_WARN_OBJC_ROOT_CLASS = YES_ERROR;
				CLANG_WARN_UNREACHABLE_CODE = YES;
				CLANG_WARN__DUPLICATE_METHOD_MATCH = YES;
				"CODE_SIGN_IDENTITY[sdk=iphoneos*]" = "iPhone Developer";
				COPY_PHASE_STRIP = NO;
				DEBUG_INFORMATION_FORMAT = dwarf;
				ENABLE_STRICT_OBJC_MSGSEND = YES;
				ENABLE_TESTABILITY = YES;
				GCC_C_LANGUAGE_STANDARD = gnu99;
				GCC_DYNAMIC_NO_PIC = NO;
				GCC_NO_COMMON_BLOCKS = YES;
				GCC_OPTIMIZATION_LEVEL = 0;
				GCC_PREPROCESSOR_DEFINITIONS = (
					"DEBUG=1",
					"$(inherited)",
				);
				GCC_WARN_64_TO_32_BIT_CONVERSION = YES;
				GCC_WARN_ABOUT_RETURN_TYPE = YES_ERROR;
				GCC_WARN_UNDECLARED_SELECTOR = YES;
				GCC_WARN_UNINITIALIZED_AUTOS = YES_AGGRESSIVE;
				GCC_WARN_UNUSED_FUNCTION = YES;
				GCC_WARN_UNUSED_VARIABLE = YES;
				IPHONEOS_DEPLOYMENT_TARGET = 9.3;
				MTL_ENABLE_DEBUG_INFO = YES;
				ONLY_ACTIVE_ARCH = YES;
				SDKROOT = iphoneos;
				SWIFT_OPTIMIZATION_LEVEL = "-Onone";
			};
			name = Debug;
		};
		FB7AE6E01F86AC4000EFC764 /* Release */ = {
			isa = XCBuildConfiguration;
			buildSettings = {
				ALWAYS_SEARCH_USER_PATHS = NO;
				CLANG_ANALYZER_NONNULL = YES;
				CLANG_CXX_LANGUAGE_STANDARD = "gnu++0x";
				CLANG_CXX_LIBRARY = "libc++";
				CLANG_ENABLE_MODULES = YES;
				CLANG_ENABLE_OBJC_ARC = YES;
				CLANG_WARN_BOOL_CONVERSION = YES;
				CLANG_WARN_CONSTANT_CONVERSION = YES;
				CLANG_WARN_DIRECT_OBJC_ISA_USAGE = YES_ERROR;
				CLANG_WARN_EMPTY_BODY = YES;
				CLANG_WARN_ENUM_CONVERSION = YES;
				CLANG_WARN_INT_CONVERSION = YES;
				CLANG_WARN_OBJC_ROOT_CLASS = YES_ERROR;
				CLANG_WARN_UNREACHABLE_CODE = YES;
				CLANG_WARN__DUPLICATE_METHOD_MATCH = YES;
				"CODE_SIGN_IDENTITY[sdk=iphoneos*]" = "iPhone Developer";
				COPY_PHASE_STRIP = NO;
				DEBUG_INFORMATION_FORMAT = "dwarf-with-dsym";
				ENABLE_NS_ASSERTIONS = NO;
				ENABLE_STRICT_OBJC_MSGSEND = YES;
				GCC_C_LANGUAGE_STANDARD = gnu99;
				GCC_NO_COMMON_BLOCKS = YES;
				GCC_WARN_64_TO_32_BIT_CONVERSION = YES;
				GCC_WARN_ABOUT_RETURN_TYPE = YES_ERROR;
				GCC_WARN_UNDECLARED_SELECTOR = YES;
				GCC_WARN_UNINITIALIZED_AUTOS = YES_AGGRESSIVE;
				GCC_WARN_UNUSED_FUNCTION = YES;
				GCC_WARN_UNUSED_VARIABLE = YES;
				IPHONEOS_DEPLOYMENT_TARGET = 9.3;
				MTL_ENABLE_DEBUG_INFO = NO;
				SDKROOT = iphoneos;
				VALIDATE_PRODUCT = YES;
			};
			name = Release;
		};
		FB7AE6E21F86AC4000EFC764 /* Debug */ = {
			isa = XCBuildConfiguration;
			buildSettings = {
				ASSETCATALOG_COMPILER_APPICON_NAME = AppIcon;
				INFOPLIST_FILE = Webview/Info.plist;
				LD_RUNPATH_SEARCH_PATHS = "$(inherited) @executable_path/Frameworks";
				PRODUCT_BUNDLE_IDENTIFIER = start.Webview;
				PRODUCT_NAME = "$(TARGET_NAME)";
			};
			name = Debug;
		};
		FB7AE6E31F86AC4000EFC764 /* Release */ = {
			isa = XCBuildConfiguration;
			buildSettings = {
				ASSETCATALOG_COMPILER_APPICON_NAME = AppIcon;
				INFOPLIST_FILE = Webview/Info.plist;
				LD_RUNPATH_SEARCH_PATHS = "$(inherited) @executable_path/Frameworks";
				PRODUCT_BUNDLE_IDENTIFIER = start.Webview;
				PRODUCT_NAME = "$(TARGET_NAME)";
			};
			name = Release;
		};
		FB7AE6E51F86AC4000EFC764 /* Debug */ = {
			isa = XCBuildConfiguration;
			buildSettings = {
				BUNDLE_LOADER = "$(TEST_HOST)";
				INFOPLIST_FILE = WebviewTests/Info.plist;
				LD_RUNPATH_SEARCH_PATHS = "$(inherited) @executable_path/Frameworks @loader_path/Frameworks";
				PRODUCT_BUNDLE_IDENTIFIER = start.WebviewTests;
				PRODUCT_NAME = "$(TARGET_NAME)";
				TEST_HOST = "$(BUILT_PRODUCTS_DIR)/Webview.app/Webview";
			};
			name = Debug;
		};
		FB7AE6E61F86AC4000EFC764 /* Release */ = {
			isa = XCBuildConfiguration;
			buildSettings = {
				BUNDLE_LOADER = "$(TEST_HOST)";
				INFOPLIST_FILE = WebviewTests/Info.plist;
				LD_RUNPATH_SEARCH_PATHS = "$(inherited) @executable_path/Frameworks @loader_path/Frameworks";
				PRODUCT_BUNDLE_IDENTIFIER = start.WebviewTests;
				PRODUCT_NAME = "$(TARGET_NAME)";
				TEST_HOST = "$(BUILT_PRODUCTS_DIR)/Webview.app/Webview";
			};
			name = Release;
		};
		FB7AE6E81F86AC4000EFC764 /* Debug */ = {
			isa = XCBuildConfiguration;
			buildSettings = {
				INFOPLIST_FILE = WebviewUITests/Info.plist;
				LD_RUNPATH_SEARCH_PATHS = "$(inherited) @executable_path/Frameworks @loader_path/Frameworks";
				PRODUCT_BUNDLE_IDENTIFIER = start.WebviewUITests;
				PRODUCT_NAME = "$(TARGET_NAME)";
				TEST_TARGET_NAME = Webview;
			};
			name = Debug;
		};
		FB7AE6E91F86AC4000EFC764 /* Release */ = {
			isa = XCBuildConfiguration;
			buildSettings = {
				INFOPLIST_FILE = WebviewUITests/Info.plist;
				LD_RUNPATH_SEARCH_PATHS = "$(inherited) @executable_path/Frameworks @loader_path/Frameworks";
				PRODUCT_BUNDLE_IDENTIFIER = start.WebviewUITests;
				PRODUCT_NAME = "$(TARGET_NAME)";
				TEST_TARGET_NAME = Webview;
			};
			name = Release;
		};
/* End XCBuildConfiguration section */

/* Begin XCConfigurationList section */
		FB7AE6B41F86AC3F00EFC764 /* Build configuration list for PBXProject "Webview" */ = {
			isa = XCConfigurationList;
			buildConfigurations = (
				FB7AE6DF1F86AC4000EFC764 /* Debug */,
				FB7AE6E01F86AC4000EFC764 /* Release */,
			);
			defaultConfigurationIsVisible = 0;
			defaultConfigurationName = Release;
		};
		FB7AE6E11F86AC4000EFC764 /* Build configuration list for PBXNativeTarget "Webview" */ = {
			isa = XCConfigurationList;
			buildConfigurations = (
				FB7AE6E21F86AC4000EFC764 /* Debug */,
				FB7AE6E31F86AC4000EFC764 /* Release */,
			);
			defaultConfigurationIsVisible = 0;
		};
		FB7AE6E41F86AC4000EFC764 /* Build configuration list for PBXNativeTarget "WebviewTests" */ = {
			isa = XCConfigurationList;
			buildConfigurations = (
				FB7AE6E51F86AC4000EFC764 /* Debug */,
				FB7AE6E61F86AC4000EFC764 /* Release */,
			);
			defaultConfigurationIsVisible = 0;
		};
		FB7AE6E71F86AC4000EFC764 /* Build configuration list for PBXNativeTarget "WebviewUITests" */ = {
			isa = XCConfigurationList;
			buildConfigurations = (
				FB7AE6E81F86AC4000EFC764 /* Debug */,
				FB7AE6E91F86AC4000EFC764 /* Release */,
			);
			defaultConfigurationIsVisible = 0;
		};
/* End XCConfigurationList section */
	};
	rootObject = FB7AE6B11F86AC3F00EFC764 /* Project object */;
}
