// !$*UTF8*$!
{
	archiveVersion = 1;
	classes = {
	};
	objectVersion = 48;
	objects = {

/* Begin PBXBuildFile section */
		AACF6109F81DC33FA7969898 /* Pods_LogIn_UI.framework in Frameworks */ = {isa = PBXBuildFile; fileRef = 75F2B3728E90A9A33343D6A4 /* Pods_LogIn_UI.framework */; };
		FB7B52481FCF44BF0068786F /* AppDelegate.swift in Sources */ = {isa = PBXBuildFile; fileRef = FB7B52471FCF44BF0068786F /* AppDelegate.swift */; };
		FB7B524D1FCF44C00068786F /* Main.storyboard in Resources */ = {isa = PBXBuildFile; fileRef = FB7B524B1FCF44C00068786F /* Main.storyboard */; };
		FB7B52501FCF44C10068786F /* LogIn_UI.xcdatamodeld in Sources */ = {isa = PBXBuildFile; fileRef = FB7B524E1FCF44C10068786F /* LogIn_UI.xcdatamodeld */; };
		FB7B52521FCF44C10068786F /* Assets.xcassets in Resources */ = {isa = PBXBuildFile; fileRef = FB7B52511FCF44C10068786F /* Assets.xcassets */; };
		FB7B52551FCF44C20068786F /* LaunchScreen.storyboard in Resources */ = {isa = PBXBuildFile; fileRef = FB7B52531FCF44C20068786F /* LaunchScreen.storyboard */; };
		FB7B525D1FCF46150068786F /* FirstViewController.swift in Sources */ = {isa = PBXBuildFile; fileRef = FB7B525C1FCF46150068786F /* FirstViewController.swift */; };
		FB7B525F1FCF46F80068786F /* InViewController.swift in Sources */ = {isa = PBXBuildFile; fileRef = FB7B525E1FCF46F80068786F /* InViewController.swift */; };
		FB7B52611FCF47510068786F /* UpViewController.swift in Sources */ = {isa = PBXBuildFile; fileRef = FB7B52601FCF47510068786F /* UpViewController.swift */; };
		FBB062F41FD0B1D00057C6E9 /* GoogleService-Info.plist in Resources */ = {isa = PBXBuildFile; fileRef = FBB062F31FD0B1D00057C6E9 /* GoogleService-Info.plist */; };
/* End PBXBuildFile section */

/* Begin PBXFileReference section */
		4B09705095C67B67682282C8 /* Pods-LogIn UI.release.xcconfig */ = {isa = PBXFileReference; includeInIndex = 1; lastKnownFileType = text.xcconfig; name = "Pods-LogIn UI.release.xcconfig"; path = "Pods/Target Support Files/Pods-LogIn UI/Pods-LogIn UI.release.xcconfig"; sourceTree = "<group>"; };
		75F2B3728E90A9A33343D6A4 /* Pods_LogIn_UI.framework */ = {isa = PBXFileReference; explicitFileType = wrapper.framework; includeInIndex = 0; path = Pods_LogIn_UI.framework; sourceTree = BUILT_PRODUCTS_DIR; };
		8F7A76B5D69A51FE1FBC4058 /* Pods-LogIn UI.debug.xcconfig */ = {isa = PBXFileReference; includeInIndex = 1; lastKnownFileType = text.xcconfig; name = "Pods-LogIn UI.debug.xcconfig"; path = "Pods/Target Support Files/Pods-LogIn UI/Pods-LogIn UI.debug.xcconfig"; sourceTree = "<group>"; };
		FB7B52441FCF44BF0068786F /* LogIn UI.app */ = {isa = PBXFileReference; explicitFileType = wrapper.application; includeInIndex = 0; path = "LogIn UI.app"; sourceTree = BUILT_PRODUCTS_DIR; };
		FB7B52471FCF44BF0068786F /* AppDelegate.swift */ = {isa = PBXFileReference; lastKnownFileType = sourcecode.swift; path = AppDelegate.swift; sourceTree = "<group>"; };
		FB7B524C1FCF44C00068786F /* Base */ = {isa = PBXFileReference; lastKnownFileType = file.storyboard; name = Base; path = Base.lproj/Main.storyboard; sourceTree = "<group>"; };
		FB7B524F1FCF44C10068786F /* LogIn_UI.xcdatamodel */ = {isa = PBXFileReference; lastKnownFileType = wrapper.xcdatamodel; path = LogIn_UI.xcdatamodel; sourceTree = "<group>"; };
		FB7B52511FCF44C10068786F /* Assets.xcassets */ = {isa = PBXFileReference; lastKnownFileType = folder.assetcatalog; path = Assets.xcassets; sourceTree = "<group>"; };
		FB7B52541FCF44C20068786F /* Base */ = {isa = PBXFileReference; lastKnownFileType = file.storyboard; name = Base; path = Base.lproj/LaunchScreen.storyboard; sourceTree = "<group>"; };
		FB7B52561FCF44C20068786F /* Info.plist */ = {isa = PBXFileReference; lastKnownFileType = text.plist.xml; path = Info.plist; sourceTree = "<group>"; };
		FB7B525C1FCF46150068786F /* FirstViewController.swift */ = {isa = PBXFileReference; lastKnownFileType = sourcecode.swift; path = FirstViewController.swift; sourceTree = "<group>"; };
		FB7B525E1FCF46F80068786F /* InViewController.swift */ = {isa = PBXFileReference; fileEncoding = 4; lastKnownFileType = sourcecode.swift; path = InViewController.swift; sourceTree = "<group>"; };
		FB7B52601FCF47510068786F /* UpViewController.swift */ = {isa = PBXFileReference; lastKnownFileType = sourcecode.swift; path = UpViewController.swift; sourceTree = "<group>"; };
		FBB062F31FD0B1D00057C6E9 /* GoogleService-Info.plist */ = {isa = PBXFileReference; fileEncoding = 4; lastKnownFileType = text.plist.xml; path = "GoogleService-Info.plist"; sourceTree = SOURCE_ROOT; };
/* End PBXFileReference section */

/* Begin PBXFrameworksBuildPhase section */
		FB7B52411FCF44BF0068786F /* Frameworks */ = {
			isa = PBXFrameworksBuildPhase;
			buildActionMask = 2147483647;
			files = (
				AACF6109F81DC33FA7969898 /* Pods_LogIn_UI.framework in Frameworks */,
			);
			runOnlyForDeploymentPostprocessing = 0;
		};
/* End PBXFrameworksBuildPhase section */

/* Begin PBXGroup section */
		60044313C89EC3F1419607CB /* Frameworks */ = {
			isa = PBXGroup;
			children = (
				75F2B3728E90A9A33343D6A4 /* Pods_LogIn_UI.framework */,
			);
			name = Frameworks;
			sourceTree = "<group>";
		};
		8616DAA76C88972A05F60665 /* Pods */ = {
			isa = PBXGroup;
			children = (
				8F7A76B5D69A51FE1FBC4058 /* Pods-LogIn UI.debug.xcconfig */,
				4B09705095C67B67682282C8 /* Pods-LogIn UI.release.xcconfig */,
			);
			name = Pods;
			sourceTree = "<group>";
		};
		FB7B523B1FCF44BF0068786F = {
			isa = PBXGroup;
			children = (
				FB7B52461FCF44BF0068786F /* LogIn UI */,
				FB7B52451FCF44BF0068786F /* Products */,
				8616DAA76C88972A05F60665 /* Pods */,
				60044313C89EC3F1419607CB /* Frameworks */,
			);
			sourceTree = "<group>";
		};
		FB7B52451FCF44BF0068786F /* Products */ = {
			isa = PBXGroup;
			children = (
				FB7B52441FCF44BF0068786F /* LogIn UI.app */,
			);
			name = Products;
			sourceTree = "<group>";
		};
		FB7B52461FCF44BF0068786F /* LogIn UI */ = {
			isa = PBXGroup;
			children = (
				FBB062F31FD0B1D00057C6E9 /* GoogleService-Info.plist */,
				FB7B52471FCF44BF0068786F /* AppDelegate.swift */,
				FB7B525E1FCF46F80068786F /* InViewController.swift */,
				FB7B525C1FCF46150068786F /* FirstViewController.swift */,
				FB7B52601FCF47510068786F /* UpViewController.swift */,
				FB7B524B1FCF44C00068786F /* Main.storyboard */,
				FB7B52511FCF44C10068786F /* Assets.xcassets */,
				FB7B52531FCF44C20068786F /* LaunchScreen.storyboard */,
				FB7B52561FCF44C20068786F /* Info.plist */,
				FB7B524E1FCF44C10068786F /* LogIn_UI.xcdatamodeld */,
			);
			path = "LogIn UI";
			sourceTree = "<group>";
		};
/* End PBXGroup section */

/* Begin PBXNativeTarget section */
		FB7B52431FCF44BF0068786F /* LogIn UI */ = {
			isa = PBXNativeTarget;
			buildConfigurationList = FB7B52591FCF44C20068786F /* Build configuration list for PBXNativeTarget "LogIn UI" */;
			buildPhases = (
				CEAA9C6046B370D5D138E590 /* [CP] Check Pods Manifest.lock */,
				FB7B52401FCF44BF0068786F /* Sources */,
				FB7B52411FCF44BF0068786F /* Frameworks */,
				FB7B52421FCF44BF0068786F /* Resources */,
				CA03AFD9D127BFE5E678E3E4 /* [CP] Embed Pods Frameworks */,
				1B17C5CE5BD8E7C3C4B602FB /* [CP] Copy Pods Resources */,
			);
			buildRules = (
			);
			dependencies = (
			);
			name = "LogIn UI";
			productName = "LogIn UI";
			productReference = FB7B52441FCF44BF0068786F /* LogIn UI.app */;
			productType = "com.apple.product-type.application";
		};
/* End PBXNativeTarget section */

/* Begin PBXProject section */
		FB7B523C1FCF44BF0068786F /* Project object */ = {
			isa = PBXProject;
			attributes = {
				LastSwiftUpdateCheck = 0910;
				LastUpgradeCheck = 0910;
				ORGANIZATIONNAME = Gavin;
				TargetAttributes = {
					FB7B52431FCF44BF0068786F = {
						CreatedOnToolsVersion = 9.1;
						ProvisioningStyle = Automatic;
					};
				};
			};
			buildConfigurationList = FB7B523F1FCF44BF0068786F /* Build configuration list for PBXProject "LogIn UI" */;
			compatibilityVersion = "Xcode 8.0";
			developmentRegion = en;
			hasScannedForEncodings = 0;
			knownRegions = (
				en,
				Base,
			);
			mainGroup = FB7B523B1FCF44BF0068786F;
			productRefGroup = FB7B52451FCF44BF0068786F /* Products */;
			projectDirPath = "";
			projectRoot = "";
			targets = (
				FB7B52431FCF44BF0068786F /* LogIn UI */,
			);
		};
/* End PBXProject section */

/* Begin PBXResourcesBuildPhase section */
		FB7B52421FCF44BF0068786F /* Resources */ = {
			isa = PBXResourcesBuildPhase;
			buildActionMask = 2147483647;
			files = (
				FB7B52551FCF44C20068786F /* LaunchScreen.storyboard in Resources */,
				FBB062F41FD0B1D00057C6E9 /* GoogleService-Info.plist in Resources */,
				FB7B52521FCF44C10068786F /* Assets.xcassets in Resources */,
				FB7B524D1FCF44C00068786F /* Main.storyboard in Resources */,
			);
			runOnlyForDeploymentPostprocessing = 0;
		};
/* End PBXResourcesBuildPhase section */

/* Begin PBXShellScriptBuildPhase section */
		1B17C5CE5BD8E7C3C4B602FB /* [CP] Copy Pods Resources */ = {
			isa = PBXShellScriptBuildPhase;
			buildActionMask = 2147483647;
			files = (
			);
			inputPaths = (
				"${SRCROOT}/Pods/Target Support Files/Pods-LogIn UI/Pods-LogIn UI-resources.sh",
				"${PODS_ROOT}/GoogleSignIn/Resources/GoogleSignIn.bundle",
			);
			name = "[CP] Copy Pods Resources";
			outputPaths = (
				"${TARGET_BUILD_DIR}/${UNLOCALIZED_RESOURCES_FOLDER_PATH}",
			);
			runOnlyForDeploymentPostprocessing = 0;
			shellPath = /bin/sh;
			shellScript = "\"${SRCROOT}/Pods/Target Support Files/Pods-LogIn UI/Pods-LogIn UI-resources.sh\"\n";
			showEnvVarsInLog = 0;
		};
		CA03AFD9D127BFE5E678E3E4 /* [CP] Embed Pods Frameworks */ = {
			isa = PBXShellScriptBuildPhase;
			buildActionMask = 2147483647;
			files = (
			);
			inputPaths = (
				"${SRCROOT}/Pods/Target Support Files/Pods-LogIn UI/Pods-LogIn UI-frameworks.sh",
				"${BUILT_PRODUCTS_DIR}/GTMOAuth2/GTMOAuth2.framework",
				"${BUILT_PRODUCTS_DIR}/GTMSessionFetcher/GTMSessionFetcher.framework",
				"${BUILT_PRODUCTS_DIR}/GoogleToolboxForMac/GoogleToolboxForMac.framework",
			);
			name = "[CP] Embed Pods Frameworks";
			outputPaths = (
				"${TARGET_BUILD_DIR}/${FRAMEWORKS_FOLDER_PATH}/GTMOAuth2.framework",
				"${TARGET_BUILD_DIR}/${FRAMEWORKS_FOLDER_PATH}/GTMSessionFetcher.framework",
				"${TARGET_BUILD_DIR}/${FRAMEWORKS_FOLDER_PATH}/GoogleToolboxForMac.framework",
			);
			runOnlyForDeploymentPostprocessing = 0;
			shellPath = /bin/sh;
			shellScript = "\"${SRCROOT}/Pods/Target Support Files/Pods-LogIn UI/Pods-LogIn UI-frameworks.sh\"\n";
			showEnvVarsInLog = 0;
		};
		CEAA9C6046B370D5D138E590 /* [CP] Check Pods Manifest.lock */ = {
			isa = PBXShellScriptBuildPhase;
			buildActionMask = 2147483647;
			files = (
			);
			inputPaths = (
				"${PODS_PODFILE_DIR_PATH}/Podfile.lock",
				"${PODS_ROOT}/Manifest.lock",
			);
			name = "[CP] Check Pods Manifest.lock";
			outputPaths = (
				"$(DERIVED_FILE_DIR)/Pods-LogIn UI-checkManifestLockResult.txt",
			);
			runOnlyForDeploymentPostprocessing = 0;
			shellPath = /bin/sh;
			shellScript = "diff \"${PODS_PODFILE_DIR_PATH}/Podfile.lock\" \"${PODS_ROOT}/Manifest.lock\" > /dev/null\nif [ $? != 0 ] ; then\n    # print error to STDERR\n    echo \"error: The sandbox is not in sync with the Podfile.lock. Run 'pod install' or update your CocoaPods installation.\" >&2\n    exit 1\nfi\n# This output is used by Xcode 'outputs' to avoid re-running this script phase.\necho \"SUCCESS\" > \"${SCRIPT_OUTPUT_FILE_0}\"\n";
			showEnvVarsInLog = 0;
		};
/* End PBXShellScriptBuildPhase section */

/* Begin PBXSourcesBuildPhase section */
		FB7B52401FCF44BF0068786F /* Sources */ = {
			isa = PBXSourcesBuildPhase;
			buildActionMask = 2147483647;
			files = (
				FB7B52501FCF44C10068786F /* LogIn_UI.xcdatamodeld in Sources */,
				FB7B52481FCF44BF0068786F /* AppDelegate.swift in Sources */,
				FB7B525F1FCF46F80068786F /* InViewController.swift in Sources */,
				FB7B52611FCF47510068786F /* UpViewController.swift in Sources */,
				FB7B525D1FCF46150068786F /* FirstViewController.swift in Sources */,
			);
			runOnlyForDeploymentPostprocessing = 0;
		};
/* End PBXSourcesBuildPhase section */

/* Begin PBXVariantGroup section */
		FB7B524B1FCF44C00068786F /* Main.storyboard */ = {
			isa = PBXVariantGroup;
			children = (
				FB7B524C1FCF44C00068786F /* Base */,
			);
			name = Main.storyboard;
			sourceTree = "<group>";
		};
		FB7B52531FCF44C20068786F /* LaunchScreen.storyboard */ = {
			isa = PBXVariantGroup;
			children = (
				FB7B52541FCF44C20068786F /* Base */,
			);
			name = LaunchScreen.storyboard;
			sourceTree = "<group>";
		};
/* End PBXVariantGroup section */

/* Begin XCBuildConfiguration section */
		FB7B52571FCF44C20068786F /* Debug */ = {
			isa = XCBuildConfiguration;
			buildSettings = {
				ALWAYS_SEARCH_USER_PATHS = NO;
				CLANG_ANALYZER_NONNULL = YES;
				CLANG_ANALYZER_NUMBER_OBJECT_CONVERSION = YES_AGGRESSIVE;
				CLANG_CXX_LANGUAGE_STANDARD = "gnu++14";
				CLANG_CXX_LIBRARY = "libc++";
				CLANG_ENABLE_MODULES = YES;
				CLANG_ENABLE_OBJC_ARC = YES;
				CLANG_WARN_BLOCK_CAPTURE_AUTORELEASING = YES;
				CLANG_WARN_BOOL_CONVERSION = YES;
				CLANG_WARN_COMMA = YES;
				CLANG_WARN_CONSTANT_CONVERSION = YES;
				CLANG_WARN_DIRECT_OBJC_ISA_USAGE = YES_ERROR;
				CLANG_WARN_DOCUMENTATION_COMMENTS = YES;
				CLANG_WARN_EMPTY_BODY = YES;
				CLANG_WARN_ENUM_CONVERSION = YES;
				CLANG_WARN_INFINITE_RECURSION = YES;
				CLANG_WARN_INT_CONVERSION = YES;
				CLANG_WARN_NON_LITERAL_NULL_CONVERSION = YES;
				CLANG_WARN_OBJC_LITERAL_CONVERSION = YES;
				CLANG_WARN_OBJC_ROOT_CLASS = YES_ERROR;
				CLANG_WARN_RANGE_LOOP_ANALYSIS = YES;
				CLANG_WARN_STRICT_PROTOTYPES = YES;
				CLANG_WARN_SUSPICIOUS_MOVE = YES;
				CLANG_WARN_UNGUARDED_AVAILABILITY = YES_AGGRESSIVE;
				CLANG_WARN_UNREACHABLE_CODE = YES;
				CLANG_WARN__DUPLICATE_METHOD_MATCH = YES;
				CODE_SIGN_IDENTITY = "iPhone Developer";
				COPY_PHASE_STRIP = NO;
				DEBUG_INFORMATION_FORMAT = dwarf;
				ENABLE_STRICT_OBJC_MSGSEND = YES;
				ENABLE_TESTABILITY = YES;
				GCC_C_LANGUAGE_STANDARD = gnu11;
				GCC_DYNAMIC_NO_PIC = NO;
				GCC_NO_COMMON_BLOCKS = YES;
				GCC_OPTIMIZATION_LEVEL = 0;
				GCC_PREPROCESSOR_DEFINITIONS = (
					"DEBUG=1",
					"$(inherited)",
				);
				GCC_WARN_64_TO_32_BIT_CONVERSION = YES;
				GCC_WARN_ABOUT_RETURN_TYPE = YES_ERROR;
				GCC_WARN_UNDECLARED_SELECTOR = YES;
				GCC_WARN_UNINITIALIZED_AUTOS = YES_AGGRESSIVE;
				GCC_WARN_UNUSED_FUNCTION = YES;
				GCC_WARN_UNUSED_VARIABLE = YES;
				IPHONEOS_DEPLOYMENT_TARGET = 11.1;
				MTL_ENABLE_DEBUG_INFO = YES;
				ONLY_ACTIVE_ARCH = YES;
				SDKROOT = iphoneos;
				SWIFT_ACTIVE_COMPILATION_CONDITIONS = DEBUG;
				SWIFT_OPTIMIZATION_LEVEL = "-Onone";
			};
			name = Debug;
		};
		FB7B52581FCF44C20068786F /* Release */ = {
			isa = XCBuildConfiguration;
			buildSettings = {
				ALWAYS_SEARCH_USER_PATHS = NO;
				CLANG_ANALYZER_NONNULL = YES;
				CLANG_ANALYZER_NUMBER_OBJECT_CONVERSION = YES_AGGRESSIVE;
				CLANG_CXX_LANGUAGE_STANDARD = "gnu++14";
				CLANG_CXX_LIBRARY = "libc++";
				CLANG_ENABLE_MODULES = YES;
				CLANG_ENABLE_OBJC_ARC = YES;
				CLANG_WARN_BLOCK_CAPTURE_AUTORELEASING = YES;
				CLANG_WARN_BOOL_CONVERSION = YES;
				CLANG_WARN_COMMA = YES;
				CLANG_WARN_CONSTANT_CONVERSION = YES;
				CLANG_WARN_DIRECT_OBJC_ISA_USAGE = YES_ERROR;
				CLANG_WARN_DOCUMENTATION_COMMENTS = YES;
				CLANG_WARN_EMPTY_BODY = YES;
				CLANG_WARN_ENUM_CONVERSION = YES;
				CLANG_WARN_INFINITE_RECURSION = YES;
				CLANG_WARN_INT_CONVERSION = YES;
				CLANG_WARN_NON_LITERAL_NULL_CONVERSION = YES;
				CLANG_WARN_OBJC_LITERAL_CONVERSION = YES;
				CLANG_WARN_OBJC_ROOT_CLASS = YES_ERROR;
				CLANG_WARN_RANGE_LOOP_ANALYSIS = YES;
				CLANG_WARN_STRICT_PROTOTYPES = YES;
				CLANG_WARN_SUSPICIOUS_MOVE = YES;
				CLANG_WARN_UNGUARDED_AVAILABILITY = YES_AGGRESSIVE;
				CLANG_WARN_UNREACHABLE_CODE = YES;
				CLANG_WARN__DUPLICATE_METHOD_MATCH = YES;
				CODE_SIGN_IDENTITY = "iPhone Developer";
				COPY_PHASE_STRIP = NO;
				DEBUG_INFORMATION_FORMAT = "dwarf-with-dsym";
				ENABLE_NS_ASSERTIONS = NO;
				ENABLE_STRICT_OBJC_MSGSEND = YES;
				GCC_C_LANGUAGE_STANDARD = gnu11;
				GCC_NO_COMMON_BLOCKS = YES;
				GCC_WARN_64_TO_32_BIT_CONVERSION = YES;
				GCC_WARN_ABOUT_RETURN_TYPE = YES_ERROR;
				GCC_WARN_UNDECLARED_SELECTOR = YES;
				GCC_WARN_UNINITIALIZED_AUTOS = YES_AGGRESSIVE;
				GCC_WARN_UNUSED_FUNCTION = YES;
				GCC_WARN_UNUSED_VARIABLE = YES;
				IPHONEOS_DEPLOYMENT_TARGET = 11.1;
				MTL_ENABLE_DEBUG_INFO = NO;
				SDKROOT = iphoneos;
				SWIFT_OPTIMIZATION_LEVEL = "-Owholemodule";
				VALIDATE_PRODUCT = YES;
			};
			name = Release;
		};
		FB7B525A1FCF44C20068786F /* Debug */ = {
			isa = XCBuildConfiguration;
			baseConfigurationReference = 8F7A76B5D69A51FE1FBC4058 /* Pods-LogIn UI.debug.xcconfig */;
			buildSettings = {
				ASSETCATALOG_COMPILER_APPICON_NAME = AppIcon;
				CODE_SIGN_STYLE = Automatic;
				DEVELOPMENT_TEAM = 54L3G5756Z;
				INFOPLIST_FILE = "LogIn UI/Info.plist";
				LD_RUNPATH_SEARCH_PATHS = "$(inherited) @executable_path/Frameworks";
				NEW_SETTING = "";
				PRODUCT_BUNDLE_IDENTIFIER = "start.LogIn-UI";
				PRODUCT_NAME = "$(TARGET_NAME)";
				SWIFT_VERSION = 4.0;
				TARGETED_DEVICE_FAMILY = "1,2";
			};
			name = Debug;
		};
		FB7B525B1FCF44C20068786F /* Release */ = {
			isa = XCBuildConfiguration;
			baseConfigurationReference = 4B09705095C67B67682282C8 /* Pods-LogIn UI.release.xcconfig */;
			buildSettings = {
				ASSETCATALOG_COMPILER_APPICON_NAME = AppIcon;
				CODE_SIGN_STYLE = Automatic;
				DEVELOPMENT_TEAM = 54L3G5756Z;
				INFOPLIST_FILE = "LogIn UI/Info.plist";
				LD_RUNPATH_SEARCH_PATHS = "$(inherited) @executable_path/Frameworks";
				NEW_SETTING = "";
				PRODUCT_BUNDLE_IDENTIFIER = "start.LogIn-UI";
				PRODUCT_NAME = "$(TARGET_NAME)";
				SWIFT_VERSION = 4.0;
				TARGETED_DEVICE_FAMILY = "1,2";
			};
			name = Release;
		};
/* End XCBuildConfiguration section */

/* Begin XCConfigurationList section */
		FB7B523F1FCF44BF0068786F /* Build configuration list for PBXProject "LogIn UI" */ = {
			isa = XCConfigurationList;
			buildConfigurations = (
				FB7B52571FCF44C20068786F /* Debug */,
				FB7B52581FCF44C20068786F /* Release */,
			);
			defaultConfigurationIsVisible = 0;
			defaultConfigurationName = Release;
		};
		FB7B52591FCF44C20068786F /* Build configuration list for PBXNativeTarget "LogIn UI" */ = {
			isa = XCConfigurationList;
			buildConfigurations = (
				FB7B525A1FCF44C20068786F /* Debug */,
				FB7B525B1FCF44C20068786F /* Release */,
			);
			defaultConfigurationIsVisible = 0;
			defaultConfigurationName = Release;
		};
/* End XCConfigurationList section */

/* Begin XCVersionGroup section */
		FB7B524E1FCF44C10068786F /* LogIn_UI.xcdatamodeld */ = {
			isa = XCVersionGroup;
			children = (
				FB7B524F1FCF44C10068786F /* LogIn_UI.xcdatamodel */,
			);
			currentVersion = FB7B524F1FCF44C10068786F /* LogIn_UI.xcdatamodel */;
			path = LogIn_UI.xcdatamodeld;
			sourceTree = "<group>";
			versionGroupType = wrapper.xcdatamodel;
		};
/* End XCVersionGroup section */
	};
	rootObject = FB7B523C1FCF44BF0068786F /* Project object */;
}
