// !$*UTF8*$!
{
	archiveVersion = 1;
	classes = {
	};
	objectVersion = 46;
	objects = {

/* Begin PBXBuildFile section */
		FBA3D4511F794EEB002F403B /* AppDelegate.swift in Sources */ = {isa = PBXBuildFile; fileRef = FBA3D4501F794EEB002F403B /* AppDelegate.swift */; };
		FBA3D4531F794EEB002F403B /* ViewController.swift in Sources */ = {isa = PBXBuildFile; fileRef = FBA3D4521F794EEB002F403B /* ViewController.swift */; };
		FBA3D4561F794EEB002F403B /* Main.storyboard in Resources */ = {isa = PBXBuildFile; fileRef = FBA3D4541F794EEB002F403B /* Main.storyboard */; };
		FBA3D4581F794EEC002F403B /* Assets.xcassets in Resources */ = {isa = PBXBuildFile; fileRef = FBA3D4571F794EEC002F403B /* Assets.xcassets */; };
		FBA3D45B1F794EEC002F403B /* LaunchScreen.storyboard in Resources */ = {isa = PBXBuildFile; fileRef = FBA3D4591F794EEC002F403B /* LaunchScreen.storyboard */; };
		FBA3D4661F794EEC002F403B /* NavBarTests.swift in Sources */ = {isa = PBXBuildFile; fileRef = FBA3D4651F794EEC002F403B /* NavBarTests.swift */; };
		FBA3D4711F794EEC002F403B /* NavBarUITests.swift in Sources */ = {isa = PBXBuildFile; fileRef = FBA3D4701F794EEC002F403B /* NavBarUITests.swift */; };
/* End PBXBuildFile section */

/* Begin PBXContainerItemProxy section */
		FBA3D4621F794EEC002F403B /* PBXContainerItemProxy */ = {
			isa = PBXContainerItemProxy;
			containerPortal = FBA3D4451F794EEB002F403B /* Project object */;
			proxyType = 1;
			remoteGlobalIDString = FBA3D44C1F794EEB002F403B;
			remoteInfo = NavBar;
		};
		FBA3D46D1F794EEC002F403B /* PBXContainerItemProxy */ = {
			isa = PBXContainerItemProxy;
			containerPortal = FBA3D4451F794EEB002F403B /* Project object */;
			proxyType = 1;
			remoteGlobalIDString = FBA3D44C1F794EEB002F403B;
			remoteInfo = NavBar;
		};
/* End PBXContainerItemProxy section */

/* Begin PBXFileReference section */
		FBA3D44D1F794EEB002F403B /* NavBar.app */ = {isa = PBXFileReference; explicitFileType = wrapper.application; includeInIndex = 0; path = NavBar.app; sourceTree = BUILT_PRODUCTS_DIR; };
		FBA3D4501F794EEB002F403B /* AppDelegate.swift */ = {isa = PBXFileReference; lastKnownFileType = sourcecode.swift; path = AppDelegate.swift; sourceTree = "<group>"; };
		FBA3D4521F794EEB002F403B /* ViewController.swift */ = {isa = PBXFileReference; lastKnownFileType = sourcecode.swift; path = ViewController.swift; sourceTree = "<group>"; };
		FBA3D4551F794EEB002F403B /* Base */ = {isa = PBXFileReference; lastKnownFileType = file.storyboard; name = Base; path = Base.lproj/Main.storyboard; sourceTree = "<group>"; };
		FBA3D4571F794EEC002F403B /* Assets.xcassets */ = {isa = PBXFileReference; lastKnownFileType = folder.assetcatalog; path = Assets.xcassets; sourceTree = "<group>"; };
		FBA3D45A1F794EEC002F403B /* Base */ = {isa = PBXFileReference; lastKnownFileType = file.storyboard; name = Base; path = Base.lproj/LaunchScreen.storyboard; sourceTree = "<group>"; };
		FBA3D45C1F794EEC002F403B /* Info.plist */ = {isa = PBXFileReference; lastKnownFileType = text.plist.xml; path = Info.plist; sourceTree = "<group>"; };
		FBA3D4611F794EEC002F403B /* NavBarTests.xctest */ = {isa = PBXFileReference; explicitFileType = wrapper.cfbundle; includeInIndex = 0; path = NavBarTests.xctest; sourceTree = BUILT_PRODUCTS_DIR; };
		FBA3D4651F794EEC002F403B /* NavBarTests.swift */ = {isa = PBXFileReference; lastKnownFileType = sourcecode.swift; path = NavBarTests.swift; sourceTree = "<group>"; };
		FBA3D4671F794EEC002F403B /* Info.plist */ = {isa = PBXFileReference; lastKnownFileType = text.plist.xml; path = Info.plist; sourceTree = "<group>"; };
		FBA3D46C1F794EEC002F403B /* NavBarUITests.xctest */ = {isa = PBXFileReference; explicitFileType = wrapper.cfbundle; includeInIndex = 0; path = NavBarUITests.xctest; sourceTree = BUILT_PRODUCTS_DIR; };
		FBA3D4701F794EEC002F403B /* NavBarUITests.swift */ = {isa = PBXFileReference; lastKnownFileType = sourcecode.swift; path = NavBarUITests.swift; sourceTree = "<group>"; };
		FBA3D4721F794EEC002F403B /* Info.plist */ = {isa = PBXFileReference; lastKnownFileType = text.plist.xml; path = Info.plist; sourceTree = "<group>"; };
/* End PBXFileReference section */

/* Begin PBXFrameworksBuildPhase section */
		FBA3D44A1F794EEB002F403B /* Frameworks */ = {
			isa = PBXFrameworksBuildPhase;
			buildActionMask = 2147483647;
			files = (
			);
			runOnlyForDeploymentPostprocessing = 0;
		};
		FBA3D45E1F794EEC002F403B /* Frameworks */ = {
			isa = PBXFrameworksBuildPhase;
			buildActionMask = 2147483647;
			files = (
			);
			runOnlyForDeploymentPostprocessing = 0;
		};
		FBA3D4691F794EEC002F403B /* Frameworks */ = {
			isa = PBXFrameworksBuildPhase;
			buildActionMask = 2147483647;
			files = (
			);
			runOnlyForDeploymentPostprocessing = 0;
		};
/* End PBXFrameworksBuildPhase section */

/* Begin PBXGroup section */
		FBA3D4441F794EEB002F403B = {
			isa = PBXGroup;
			children = (
				FBA3D44F1F794EEB002F403B /* NavBar */,
				FBA3D4641F794EEC002F403B /* NavBarTests */,
				FBA3D46F1F794EEC002F403B /* NavBarUITests */,
				FBA3D44E1F794EEB002F403B /* Products */,
			);
			sourceTree = "<group>";
		};
		FBA3D44E1F794EEB002F403B /* Products */ = {
			isa = PBXGroup;
			children = (
				FBA3D44D1F794EEB002F403B /* NavBar.app */,
				FBA3D4611F794EEC002F403B /* NavBarTests.xctest */,
				FBA3D46C1F794EEC002F403B /* NavBarUITests.xctest */,
			);
			name = Products;
			sourceTree = "<group>";
		};
		FBA3D44F1F794EEB002F403B /* NavBar */ = {
			isa = PBXGroup;
			children = (
				FBA3D4501F794EEB002F403B /* AppDelegate.swift */,
				FBA3D4521F794EEB002F403B /* ViewController.swift */,
				FBA3D4541F794EEB002F403B /* Main.storyboard */,
				FBA3D4571F794EEC002F403B /* Assets.xcassets */,
				FBA3D4591F794EEC002F403B /* LaunchScreen.storyboard */,
				FBA3D45C1F794EEC002F403B /* Info.plist */,
			);
			path = NavBar;
			sourceTree = "<group>";
		};
		FBA3D4641F794EEC002F403B /* NavBarTests */ = {
			isa = PBXGroup;
			children = (
				FBA3D4651F794EEC002F403B /* NavBarTests.swift */,
				FBA3D4671F794EEC002F403B /* Info.plist */,
			);
			path = NavBarTests;
			sourceTree = "<group>";
		};
		FBA3D46F1F794EEC002F403B /* NavBarUITests */ = {
			isa = PBXGroup;
			children = (
				FBA3D4701F794EEC002F403B /* NavBarUITests.swift */,
				FBA3D4721F794EEC002F403B /* Info.plist */,
			);
			path = NavBarUITests;
			sourceTree = "<group>";
		};
/* End PBXGroup section */

/* Begin PBXNativeTarget section */
		FBA3D44C1F794EEB002F403B /* NavBar */ = {
			isa = PBXNativeTarget;
			buildConfigurationList = FBA3D4751F794EEC002F403B /* Build configuration list for PBXNativeTarget "NavBar" */;
			buildPhases = (
				FBA3D4491F794EEB002F403B /* Sources */,
				FBA3D44A1F794EEB002F403B /* Frameworks */,
				FBA3D44B1F794EEB002F403B /* Resources */,
			);
			buildRules = (
			);
			dependencies = (
			);
			name = NavBar;
			productName = NavBar;
			productReference = FBA3D44D1F794EEB002F403B /* NavBar.app */;
			productType = "com.apple.product-type.application";
		};
		FBA3D4601F794EEC002F403B /* NavBarTests */ = {
			isa = PBXNativeTarget;
			buildConfigurationList = FBA3D4781F794EEC002F403B /* Build configuration list for PBXNativeTarget "NavBarTests" */;
			buildPhases = (
				FBA3D45D1F794EEC002F403B /* Sources */,
				FBA3D45E1F794EEC002F403B /* Frameworks */,
				FBA3D45F1F794EEC002F403B /* Resources */,
			);
			buildRules = (
			);
			dependencies = (
				FBA3D4631F794EEC002F403B /* PBXTargetDependency */,
			);
			name = NavBarTests;
			productName = NavBarTests;
			productReference = FBA3D4611F794EEC002F403B /* NavBarTests.xctest */;
			productType = "com.apple.product-type.bundle.unit-test";
		};
		FBA3D46B1F794EEC002F403B /* NavBarUITests */ = {
			isa = PBXNativeTarget;
			buildConfigurationList = FBA3D47B1F794EEC002F403B /* Build configuration list for PBXNativeTarget "NavBarUITests" */;
			buildPhases = (
				FBA3D4681F794EEC002F403B /* Sources */,
				FBA3D4691F794EEC002F403B /* Frameworks */,
				FBA3D46A1F794EEC002F403B /* Resources */,
			);
			buildRules = (
			);
			dependencies = (
				FBA3D46E1F794EEC002F403B /* PBXTargetDependency */,
			);
			name = NavBarUITests;
			productName = NavBarUITests;
			productReference = FBA3D46C1F794EEC002F403B /* NavBarUITests.xctest */;
			productType = "com.apple.product-type.bundle.ui-testing";
		};
/* End PBXNativeTarget section */

/* Begin PBXProject section */
		FBA3D4451F794EEB002F403B /* Project object */ = {
			isa = PBXProject;
			attributes = {
				LastSwiftUpdateCheck = 0730;
				LastUpgradeCheck = 0730;
				ORGANIZATIONNAME = wm1;
				TargetAttributes = {
					FBA3D44C1F794EEB002F403B = {
						CreatedOnToolsVersion = 7.3.1;
					};
					FBA3D4601F794EEC002F403B = {
						CreatedOnToolsVersion = 7.3.1;
						TestTargetID = FBA3D44C1F794EEB002F403B;
					};
					FBA3D46B1F794EEC002F403B = {
						CreatedOnToolsVersion = 7.3.1;
						TestTargetID = FBA3D44C1F794EEB002F403B;
					};
				};
			};
			buildConfigurationList = FBA3D4481F794EEB002F403B /* Build configuration list for PBXProject "NavBar" */;
			compatibilityVersion = "Xcode 3.2";
			developmentRegion = English;
			hasScannedForEncodings = 0;
			knownRegions = (
				en,
				Base,
			);
			mainGroup = FBA3D4441F794EEB002F403B;
			productRefGroup = FBA3D44E1F794EEB002F403B /* Products */;
			projectDirPath = "";
			projectRoot = "";
			targets = (
				FBA3D44C1F794EEB002F403B /* NavBar */,
				FBA3D4601F794EEC002F403B /* NavBarTests */,
				FBA3D46B1F794EEC002F403B /* NavBarUITests */,
			);
		};
/* End PBXProject section */

/* Begin PBXResourcesBuildPhase section */
		FBA3D44B1F794EEB002F403B /* Resources */ = {
			isa = PBXResourcesBuildPhase;
			buildActionMask = 2147483647;
			files = (
				FBA3D45B1F794EEC002F403B /* LaunchScreen.storyboard in Resources */,
				FBA3D4581F794EEC002F403B /* Assets.xcassets in Resources */,
				FBA3D4561F794EEB002F403B /* Main.storyboard in Resources */,
			);
			runOnlyForDeploymentPostprocessing = 0;
		};
		FBA3D45F1F794EEC002F403B /* Resources */ = {
			isa = PBXResourcesBuildPhase;
			buildActionMask = 2147483647;
			files = (
			);
			runOnlyForDeploymentPostprocessing = 0;
		};
		FBA3D46A1F794EEC002F403B /* Resources */ = {
			isa = PBXResourcesBuildPhase;
			buildActionMask = 2147483647;
			files = (
			);
			runOnlyForDeploymentPostprocessing = 0;
		};
/* End PBXResourcesBuildPhase section */

/* Begin PBXSourcesBuildPhase section */
		FBA3D4491F794EEB002F403B /* Sources */ = {
			isa = PBXSourcesBuildPhase;
			buildActionMask = 2147483647;
			files = (
				FBA3D4531F794EEB002F403B /* ViewController.swift in Sources */,
				FBA3D4511F794EEB002F403B /* AppDelegate.swift in Sources */,
			);
			runOnlyForDeploymentPostprocessing = 0;
		};
		FBA3D45D1F794EEC002F403B /* Sources */ = {
			isa = PBXSourcesBuildPhase;
			buildActionMask = 2147483647;
			files = (
				FBA3D4661F794EEC002F403B /* NavBarTests.swift in Sources */,
			);
			runOnlyForDeploymentPostprocessing = 0;
		};
		FBA3D4681F794EEC002F403B /* Sources */ = {
			isa = PBXSourcesBuildPhase;
			buildActionMask = 2147483647;
			files = (
				FBA3D4711F794EEC002F403B /* NavBarUITests.swift in Sources */,
			);
			runOnlyForDeploymentPostprocessing = 0;
		};
/* End PBXSourcesBuildPhase section */

/* Begin PBXTargetDependency section */
		FBA3D4631F794EEC002F403B /* PBXTargetDependency */ = {
			isa = PBXTargetDependency;
			target = FBA3D44C1F794EEB002F403B /* NavBar */;
			targetProxy = FBA3D4621F794EEC002F403B /* PBXContainerItemProxy */;
		};
		FBA3D46E1F794EEC002F403B /* PBXTargetDependency */ = {
			isa = PBXTargetDependency;
			target = FBA3D44C1F794EEB002F403B /* NavBar */;
			targetProxy = FBA3D46D1F794EEC002F403B /* PBXContainerItemProxy */;
		};
/* End PBXTargetDependency section */

/* Begin PBXVariantGroup section */
		FBA3D4541F794EEB002F403B /* Main.storyboard */ = {
			isa = PBXVariantGroup;
			children = (
				FBA3D4551F794EEB002F403B /* Base */,
			);
			name = Main.storyboard;
			sourceTree = "<group>";
		};
		FBA3D4591F794EEC002F403B /* LaunchScreen.storyboard */ = {
			isa = PBXVariantGroup;
			children = (
				FBA3D45A1F794EEC002F403B /* Base */,
			);
			name = LaunchScreen.storyboard;
			sourceTree = "<group>";
		};
/* End PBXVariantGroup section */

/* Begin XCBuildConfiguration section */
		FBA3D4731F794EEC002F403B /* Debug */ = {
			isa = XCBuildConfiguration;
			buildSettings = {
				ALWAYS_SEARCH_USER_PATHS = NO;
				CLANG_ANALYZER_NONNULL = YES;
				CLANG_CXX_LANGUAGE_STANDARD = "gnu++0x";
				CLANG_CXX_LIBRARY = "libc++";
				CLANG_ENABLE_MODULES = YES;
				CLANG_ENABLE_OBJC_ARC = YES;
				CLANG_WARN_BOOL_CONVERSION = YES;
				CLANG_WARN_CONSTANT_CONVERSION = YES;
				CLANG_WARN_DIRECT_OBJC_ISA_USAGE = YES_ERROR;
				CLANG_WARN_EMPTY_BODY = YES;
				CLANG_WARN_ENUM_CONVERSION = YES;
				CLANG_WARN_INT_CONVERSION = YES;
				CLANG_WARN_OBJC_ROOT_CLASS = YES_ERROR;
				CLANG_WARN_UNREACHABLE_CODE = YES;
				CLANG_WARN__DUPLICATE_METHOD_MATCH = YES;
				"CODE_SIGN_IDENTITY[sdk=iphoneos*]" = "iPhone Developer";
				COPY_PHASE_STRIP = NO;
				DEBUG_INFORMATION_FORMAT = dwarf;
				ENABLE_STRICT_OBJC_MSGSEND = YES;
				ENABLE_TESTABILITY = YES;
				GCC_C_LANGUAGE_STANDARD = gnu99;
				GCC_DYNAMIC_NO_PIC = NO;
				GCC_NO_COMMON_BLOCKS = YES;
				GCC_OPTIMIZATION_LEVEL = 0;
				GCC_PREPROCESSOR_DEFINITIONS = (
					"DEBUG=1",
					"$(inherited)",
				);
				GCC_WARN_64_TO_32_BIT_CONVERSION = YES;
				GCC_WARN_ABOUT_RETURN_TYPE = YES_ERROR;
				GCC_WARN_UNDECLARED_SELECTOR = YES;
				GCC_WARN_UNINITIALIZED_AUTOS = YES_AGGRESSIVE;
				GCC_WARN_UNUSED_FUNCTION = YES;
				GCC_WARN_UNUSED_VARIABLE = YES;
				IPHONEOS_DEPLOYMENT_TARGET = 9.3;
				MTL_ENABLE_DEBUG_INFO = YES;
				ONLY_ACTIVE_ARCH = YES;
				SDKROOT = iphoneos;
				SWIFT_OPTIMIZATION_LEVEL = "-Onone";
			};
			name = Debug;
		};
		FBA3D4741F794EEC002F403B /* Release */ = {
			isa = XCBuildConfiguration;
			buildSettings = {
				ALWAYS_SEARCH_USER_PATHS = NO;
				CLANG_ANALYZER_NONNULL = YES;
				CLANG_CXX_LANGUAGE_STANDARD = "gnu++0x";
				CLANG_CXX_LIBRARY = "libc++";
				CLANG_ENABLE_MODULES = YES;
				CLANG_ENABLE_OBJC_ARC = YES;
				CLANG_WARN_BOOL_CONVERSION = YES;
				CLANG_WARN_CONSTANT_CONVERSION = YES;
				CLANG_WARN_DIRECT_OBJC_ISA_USAGE = YES_ERROR;
				CLANG_WARN_EMPTY_BODY = YES;
				CLANG_WARN_ENUM_CONVERSION = YES;
				CLANG_WARN_INT_CONVERSION = YES;
				CLANG_WARN_OBJC_ROOT_CLASS = YES_ERROR;
				CLANG_WARN_UNREACHABLE_CODE = YES;
				CLANG_WARN__DUPLICATE_METHOD_MATCH = YES;
				"CODE_SIGN_IDENTITY[sdk=iphoneos*]" = "iPhone Developer";
				COPY_PHASE_STRIP = NO;
				DEBUG_INFORMATION_FORMAT = "dwarf-with-dsym";
				ENABLE_NS_ASSERTIONS = NO;
				ENABLE_STRICT_OBJC_MSGSEND = YES;
				GCC_C_LANGUAGE_STANDARD = gnu99;
				GCC_NO_COMMON_BLOCKS = YES;
				GCC_WARN_64_TO_32_BIT_CONVERSION = YES;
				GCC_WARN_ABOUT_RETURN_TYPE = YES_ERROR;
				GCC_WARN_UNDECLARED_SELECTOR = YES;
				GCC_WARN_UNINITIALIZED_AUTOS = YES_AGGRESSIVE;
				GCC_WARN_UNUSED_FUNCTION = YES;
				GCC_WARN_UNUSED_VARIABLE = YES;
				IPHONEOS_DEPLOYMENT_TARGET = 9.3;
				MTL_ENABLE_DEBUG_INFO = NO;
				SDKROOT = iphoneos;
				VALIDATE_PRODUCT = YES;
			};
			name = Release;
		};
		FBA3D4761F794EEC002F403B /* Debug */ = {
			isa = XCBuildConfiguration;
			buildSettings = {
				ASSETCATALOG_COMPILER_APPICON_NAME = AppIcon;
				INFOPLIST_FILE = NavBar/Info.plist;
				LD_RUNPATH_SEARCH_PATHS = "$(inherited) @executable_path/Frameworks";
				PRODUCT_BUNDLE_IDENTIFIER = start.NavBar;
				PRODUCT_NAME = "$(TARGET_NAME)";
			};
			name = Debug;
		};
		FBA3D4771F794EEC002F403B /* Release */ = {
			isa = XCBuildConfiguration;
			buildSettings = {
				ASSETCATALOG_COMPILER_APPICON_NAME = AppIcon;
				INFOPLIST_FILE = NavBar/Info.plist;
				LD_RUNPATH_SEARCH_PATHS = "$(inherited) @executable_path/Frameworks";
				PRODUCT_BUNDLE_IDENTIFIER = start.NavBar;
				PRODUCT_NAME = "$(TARGET_NAME)";
			};
			name = Release;
		};
		FBA3D4791F794EEC002F403B /* Debug */ = {
			isa = XCBuildConfiguration;
			buildSettings = {
				BUNDLE_LOADER = "$(TEST_HOST)";
				INFOPLIST_FILE = NavBarTests/Info.plist;
				LD_RUNPATH_SEARCH_PATHS = "$(inherited) @executable_path/Frameworks @loader_path/Frameworks";
				PRODUCT_BUNDLE_IDENTIFIER = start.NavBarTests;
				PRODUCT_NAME = "$(TARGET_NAME)";
				TEST_HOST = "$(BUILT_PRODUCTS_DIR)/NavBar.app/NavBar";
			};
			name = Debug;
		};
		FBA3D47A1F794EEC002F403B /* Release */ = {
			isa = XCBuildConfiguration;
			buildSettings = {
				BUNDLE_LOADER = "$(TEST_HOST)";
				INFOPLIST_FILE = NavBarTests/Info.plist;
				LD_RUNPATH_SEARCH_PATHS = "$(inherited) @executable_path/Frameworks @loader_path/Frameworks";
				PRODUCT_BUNDLE_IDENTIFIER = start.NavBarTests;
				PRODUCT_NAME = "$(TARGET_NAME)";
				TEST_HOST = "$(BUILT_PRODUCTS_DIR)/NavBar.app/NavBar";
			};
			name = Release;
		};
		FBA3D47C1F794EEC002F403B /* Debug */ = {
			isa = XCBuildConfiguration;
			buildSettings = {
				INFOPLIST_FILE = NavBarUITests/Info.plist;
				LD_RUNPATH_SEARCH_PATHS = "$(inherited) @executable_path/Frameworks @loader_path/Frameworks";
				PRODUCT_BUNDLE_IDENTIFIER = start.NavBarUITests;
				PRODUCT_NAME = "$(TARGET_NAME)";
				TEST_TARGET_NAME = NavBar;
			};
			name = Debug;
		};
		FBA3D47D1F794EEC002F403B /* Release */ = {
			isa = XCBuildConfiguration;
			buildSettings = {
				INFOPLIST_FILE = NavBarUITests/Info.plist;
				LD_RUNPATH_SEARCH_PATHS = "$(inherited) @executable_path/Frameworks @loader_path/Frameworks";
				PRODUCT_BUNDLE_IDENTIFIER = start.NavBarUITests;
				PRODUCT_NAME = "$(TARGET_NAME)";
				TEST_TARGET_NAME = NavBar;
			};
			name = Release;
		};
/* End XCBuildConfiguration section */

/* Begin XCConfigurationList section */
		FBA3D4481F794EEB002F403B /* Build configuration list for PBXProject "NavBar" */ = {
			isa = XCConfigurationList;
			buildConfigurations = (
				FBA3D4731F794EEC002F403B /* Debug */,
				FBA3D4741F794EEC002F403B /* Release */,
			);
			defaultConfigurationIsVisible = 0;
			defaultConfigurationName = Release;
		};
		FBA3D4751F794EEC002F403B /* Build configuration list for PBXNativeTarget "NavBar" */ = {
			isa = XCConfigurationList;
			buildConfigurations = (
				FBA3D4761F794EEC002F403B /* Debug */,
				FBA3D4771F794EEC002F403B /* Release */,
			);
			defaultConfigurationIsVisible = 0;
		};
		FBA3D4781F794EEC002F403B /* Build configuration list for PBXNativeTarget "NavBarTests" */ = {
			isa = XCConfigurationList;
			buildConfigurations = (
				FBA3D4791F794EEC002F403B /* Debug */,
				FBA3D47A1F794EEC002F403B /* Release */,
			);
			defaultConfigurationIsVisible = 0;
		};
		FBA3D47B1F794EEC002F403B /* Build configuration list for PBXNativeTarget "NavBarUITests" */ = {
			isa = XCConfigurationList;
			buildConfigurations = (
				FBA3D47C1F794EEC002F403B /* Debug */,
				FBA3D47D1F794EEC002F403B /* Release */,
			);
			defaultConfigurationIsVisible = 0;
		};
/* End XCConfigurationList section */
	};
	rootObject = FBA3D4451F794EEB002F403B /* Project object */;
}
