// !$*UTF8*$!
{
	archiveVersion = 1;
	classes = {
	};
	objectVersion = 46;
	objects = {

/* Begin PBXBuildFile section */
		FBA3D48B1F79588D002F403B /* AppDelegate.swift in Sources */ = {isa = PBXBuildFile; fileRef = FBA3D48A1F79588D002F403B /* AppDelegate.swift */; };
		FBA3D48D1F79588D002F403B /* ViewController.swift in Sources */ = {isa = PBXBuildFile; fileRef = FBA3D48C1F79588D002F403B /* ViewController.swift */; };
		FBA3D4901F79588D002F403B /* Main.storyboard in Resources */ = {isa = PBXBuildFile; fileRef = FBA3D48E1F79588D002F403B /* Main.storyboard */; };
		FBA3D4921F79588D002F403B /* Assets.xcassets in Resources */ = {isa = PBXBuildFile; fileRef = FBA3D4911F79588D002F403B /* Assets.xcassets */; };
		FBA3D4951F79588D002F403B /* LaunchScreen.storyboard in Resources */ = {isa = PBXBuildFile; fileRef = FBA3D4931F79588D002F403B /* LaunchScreen.storyboard */; };
		FBA3D4A01F79588D002F403B /* egg_timerTests.swift in Sources */ = {isa = PBXBuildFile; fileRef = FBA3D49F1F79588D002F403B /* egg_timerTests.swift */; };
		FBA3D4AB1F79588D002F403B /* egg_timerUITests.swift in Sources */ = {isa = PBXBuildFile; fileRef = FBA3D4AA1F79588D002F403B /* egg_timerUITests.swift */; };
/* End PBXBuildFile section */

/* Begin PBXContainerItemProxy section */
		FBA3D49C1F79588D002F403B /* PBXContainerItemProxy */ = {
			isa = PBXContainerItemProxy;
			containerPortal = FBA3D47F1F79588D002F403B /* Project object */;
			proxyType = 1;
			remoteGlobalIDString = FBA3D4861F79588D002F403B;
			remoteInfo = "egg timer";
		};
		FBA3D4A71F79588D002F403B /* PBXContainerItemProxy */ = {
			isa = PBXContainerItemProxy;
			containerPortal = FBA3D47F1F79588D002F403B /* Project object */;
			proxyType = 1;
			remoteGlobalIDString = FBA3D4861F79588D002F403B;
			remoteInfo = "egg timer";
		};
/* End PBXContainerItemProxy section */

/* Begin PBXFileReference section */
		FBA3D4871F79588D002F403B /* egg timer.app */ = {isa = PBXFileReference; explicitFileType = wrapper.application; includeInIndex = 0; path = "egg timer.app"; sourceTree = BUILT_PRODUCTS_DIR; };
		FBA3D48A1F79588D002F403B /* AppDelegate.swift */ = {isa = PBXFileReference; lastKnownFileType = sourcecode.swift; path = AppDelegate.swift; sourceTree = "<group>"; };
		FBA3D48C1F79588D002F403B /* ViewController.swift */ = {isa = PBXFileReference; lastKnownFileType = sourcecode.swift; path = ViewController.swift; sourceTree = "<group>"; };
		FBA3D48F1F79588D002F403B /* Base */ = {isa = PBXFileReference; lastKnownFileType = file.storyboard; name = Base; path = Base.lproj/Main.storyboard; sourceTree = "<group>"; };
		FBA3D4911F79588D002F403B /* Assets.xcassets */ = {isa = PBXFileReference; lastKnownFileType = folder.assetcatalog; path = Assets.xcassets; sourceTree = "<group>"; };
		FBA3D4941F79588D002F403B /* Base */ = {isa = PBXFileReference; lastKnownFileType = file.storyboard; name = Base; path = Base.lproj/LaunchScreen.storyboard; sourceTree = "<group>"; };
		FBA3D4961F79588D002F403B /* Info.plist */ = {isa = PBXFileReference; lastKnownFileType = text.plist.xml; path = Info.plist; sourceTree = "<group>"; };
		FBA3D49B1F79588D002F403B /* egg timerTests.xctest */ = {isa = PBXFileReference; explicitFileType = wrapper.cfbundle; includeInIndex = 0; path = "egg timerTests.xctest"; sourceTree = BUILT_PRODUCTS_DIR; };
		FBA3D49F1F79588D002F403B /* egg_timerTests.swift */ = {isa = PBXFileReference; lastKnownFileType = sourcecode.swift; path = egg_timerTests.swift; sourceTree = "<group>"; };
		FBA3D4A11F79588D002F403B /* Info.plist */ = {isa = PBXFileReference; lastKnownFileType = text.plist.xml; path = Info.plist; sourceTree = "<group>"; };
		FBA3D4A61F79588D002F403B /* egg timerUITests.xctest */ = {isa = PBXFileReference; explicitFileType = wrapper.cfbundle; includeInIndex = 0; path = "egg timerUITests.xctest"; sourceTree = BUILT_PRODUCTS_DIR; };
		FBA3D4AA1F79588D002F403B /* egg_timerUITests.swift */ = {isa = PBXFileReference; lastKnownFileType = sourcecode.swift; path = egg_timerUITests.swift; sourceTree = "<group>"; };
		FBA3D4AC1F79588D002F403B /* Info.plist */ = {isa = PBXFileReference; lastKnownFileType = text.plist.xml; path = Info.plist; sourceTree = "<group>"; };
/* End PBXFileReference section */

/* Begin PBXFrameworksBuildPhase section */
		FBA3D4841F79588D002F403B /* Frameworks */ = {
			isa = PBXFrameworksBuildPhase;
			buildActionMask = 2147483647;
			files = (
			);
			runOnlyForDeploymentPostprocessing = 0;
		};
		FBA3D4981F79588D002F403B /* Frameworks */ = {
			isa = PBXFrameworksBuildPhase;
			buildActionMask = 2147483647;
			files = (
			);
			runOnlyForDeploymentPostprocessing = 0;
		};
		FBA3D4A31F79588D002F403B /* Frameworks */ = {
			isa = PBXFrameworksBuildPhase;
			buildActionMask = 2147483647;
			files = (
			);
			runOnlyForDeploymentPostprocessing = 0;
		};
/* End PBXFrameworksBuildPhase section */

/* Begin PBXGroup section */
		FBA3D47E1F79588D002F403B = {
			isa = PBXGroup;
			children = (
				FBA3D4891F79588D002F403B /* egg timer */,
				FBA3D49E1F79588D002F403B /* egg timerTests */,
				FBA3D4A91F79588D002F403B /* egg timerUITests */,
				FBA3D4881F79588D002F403B /* Products */,
			);
			sourceTree = "<group>";
		};
		FBA3D4881F79588D002F403B /* Products */ = {
			isa = PBXGroup;
			children = (
				FBA3D4871F79588D002F403B /* egg timer.app */,
				FBA3D49B1F79588D002F403B /* egg timerTests.xctest */,
				FBA3D4A61F79588D002F403B /* egg timerUITests.xctest */,
			);
			name = Products;
			sourceTree = "<group>";
		};
		FBA3D4891F79588D002F403B /* egg timer */ = {
			isa = PBXGroup;
			children = (
				FBA3D48A1F79588D002F403B /* AppDelegate.swift */,
				FBA3D48C1F79588D002F403B /* ViewController.swift */,
				FBA3D48E1F79588D002F403B /* Main.storyboard */,
				FBA3D4911F79588D002F403B /* Assets.xcassets */,
				FBA3D4931F79588D002F403B /* LaunchScreen.storyboard */,
				FBA3D4961F79588D002F403B /* Info.plist */,
			);
			path = "egg timer";
			sourceTree = "<group>";
		};
		FBA3D49E1F79588D002F403B /* egg timerTests */ = {
			isa = PBXGroup;
			children = (
				FBA3D49F1F79588D002F403B /* egg_timerTests.swift */,
				FBA3D4A11F79588D002F403B /* Info.plist */,
			);
			path = "egg timerTests";
			sourceTree = "<group>";
		};
		FBA3D4A91F79588D002F403B /* egg timerUITests */ = {
			isa = PBXGroup;
			children = (
				FBA3D4AA1F79588D002F403B /* egg_timerUITests.swift */,
				FBA3D4AC1F79588D002F403B /* Info.plist */,
			);
			path = "egg timerUITests";
			sourceTree = "<group>";
		};
/* End PBXGroup section */

/* Begin PBXNativeTarget section */
		FBA3D4861F79588D002F403B /* egg timer */ = {
			isa = PBXNativeTarget;
			buildConfigurationList = FBA3D4AF1F79588D002F403B /* Build configuration list for PBXNativeTarget "egg timer" */;
			buildPhases = (
				FBA3D4831F79588D002F403B /* Sources */,
				FBA3D4841F79588D002F403B /* Frameworks */,
				FBA3D4851F79588D002F403B /* Resources */,
			);
			buildRules = (
			);
			dependencies = (
			);
			name = "egg timer";
			productName = "egg timer";
			productReference = FBA3D4871F79588D002F403B /* egg timer.app */;
			productType = "com.apple.product-type.application";
		};
		FBA3D49A1F79588D002F403B /* egg timerTests */ = {
			isa = PBXNativeTarget;
			buildConfigurationList = FBA3D4B21F79588D002F403B /* Build configuration list for PBXNativeTarget "egg timerTests" */;
			buildPhases = (
				FBA3D4971F79588D002F403B /* Sources */,
				FBA3D4981F79588D002F403B /* Frameworks */,
				FBA3D4991F79588D002F403B /* Resources */,
			);
			buildRules = (
			);
			dependencies = (
				FBA3D49D1F79588D002F403B /* PBXTargetDependency */,
			);
			name = "egg timerTests";
			productName = "egg timerTests";
			productReference = FBA3D49B1F79588D002F403B /* egg timerTests.xctest */;
			productType = "com.apple.product-type.bundle.unit-test";
		};
		FBA3D4A51F79588D002F403B /* egg timerUITests */ = {
			isa = PBXNativeTarget;
			buildConfigurationList = FBA3D4B51F79588D002F403B /* Build configuration list for PBXNativeTarget "egg timerUITests" */;
			buildPhases = (
				FBA3D4A21F79588D002F403B /* Sources */,
				FBA3D4A31F79588D002F403B /* Frameworks */,
				FBA3D4A41F79588D002F403B /* Resources */,
			);
			buildRules = (
			);
			dependencies = (
				FBA3D4A81F79588D002F403B /* PBXTargetDependency */,
			);
			name = "egg timerUITests";
			productName = "egg timerUITests";
			productReference = FBA3D4A61F79588D002F403B /* egg timerUITests.xctest */;
			productType = "com.apple.product-type.bundle.ui-testing";
		};
/* End PBXNativeTarget section */

/* Begin PBXProject section */
		FBA3D47F1F79588D002F403B /* Project object */ = {
			isa = PBXProject;
			attributes = {
				LastSwiftUpdateCheck = 0730;
				LastUpgradeCheck = 0730;
				ORGANIZATIONNAME = wm1;
				TargetAttributes = {
					FBA3D4861F79588D002F403B = {
						CreatedOnToolsVersion = 7.3.1;
					};
					FBA3D49A1F79588D002F403B = {
						CreatedOnToolsVersion = 7.3.1;
						TestTargetID = FBA3D4861F79588D002F403B;
					};
					FBA3D4A51F79588D002F403B = {
						CreatedOnToolsVersion = 7.3.1;
						TestTargetID = FBA3D4861F79588D002F403B;
					};
				};
			};
			buildConfigurationList = FBA3D4821F79588D002F403B /* Build configuration list for PBXProject "egg timer" */;
			compatibilityVersion = "Xcode 3.2";
			developmentRegion = English;
			hasScannedForEncodings = 0;
			knownRegions = (
				en,
				Base,
			);
			mainGroup = FBA3D47E1F79588D002F403B;
			productRefGroup = FBA3D4881F79588D002F403B /* Products */;
			projectDirPath = "";
			projectRoot = "";
			targets = (
				FBA3D4861F79588D002F403B /* egg timer */,
				FBA3D49A1F79588D002F403B /* egg timerTests */,
				FBA3D4A51F79588D002F403B /* egg timerUITests */,
			);
		};
/* End PBXProject section */

/* Begin PBXResourcesBuildPhase section */
		FBA3D4851F79588D002F403B /* Resources */ = {
			isa = PBXResourcesBuildPhase;
			buildActionMask = 2147483647;
			files = (
				FBA3D4951F79588D002F403B /* LaunchScreen.storyboard in Resources */,
				FBA3D4921F79588D002F403B /* Assets.xcassets in Resources */,
				FBA3D4901F79588D002F403B /* Main.storyboard in Resources */,
			);
			runOnlyForDeploymentPostprocessing = 0;
		};
		FBA3D4991F79588D002F403B /* Resources */ = {
			isa = PBXResourcesBuildPhase;
			buildActionMask = 2147483647;
			files = (
			);
			runOnlyForDeploymentPostprocessing = 0;
		};
		FBA3D4A41F79588D002F403B /* Resources */ = {
			isa = PBXResourcesBuildPhase;
			buildActionMask = 2147483647;
			files = (
			);
			runOnlyForDeploymentPostprocessing = 0;
		};
/* End PBXResourcesBuildPhase section */

/* Begin PBXSourcesBuildPhase section */
		FBA3D4831F79588D002F403B /* Sources */ = {
			isa = PBXSourcesBuildPhase;
			buildActionMask = 2147483647;
			files = (
				FBA3D48D1F79588D002F403B /* ViewController.swift in Sources */,
				FBA3D48B1F79588D002F403B /* AppDelegate.swift in Sources */,
			);
			runOnlyForDeploymentPostprocessing = 0;
		};
		FBA3D4971F79588D002F403B /* Sources */ = {
			isa = PBXSourcesBuildPhase;
			buildActionMask = 2147483647;
			files = (
				FBA3D4A01F79588D002F403B /* egg_timerTests.swift in Sources */,
			);
			runOnlyForDeploymentPostprocessing = 0;
		};
		FBA3D4A21F79588D002F403B /* Sources */ = {
			isa = PBXSourcesBuildPhase;
			buildActionMask = 2147483647;
			files = (
				FBA3D4AB1F79588D002F403B /* egg_timerUITests.swift in Sources */,
			);
			runOnlyForDeploymentPostprocessing = 0;
		};
/* End PBXSourcesBuildPhase section */

/* Begin PBXTargetDependency section */
		FBA3D49D1F79588D002F403B /* PBXTargetDependency */ = {
			isa = PBXTargetDependency;
			target = FBA3D4861F79588D002F403B /* egg timer */;
			targetProxy = FBA3D49C1F79588D002F403B /* PBXContainerItemProxy */;
		};
		FBA3D4A81F79588D002F403B /* PBXTargetDependency */ = {
			isa = PBXTargetDependency;
			target = FBA3D4861F79588D002F403B /* egg timer */;
			targetProxy = FBA3D4A71F79588D002F403B /* PBXContainerItemProxy */;
		};
/* End PBXTargetDependency section */

/* Begin PBXVariantGroup section */
		FBA3D48E1F79588D002F403B /* Main.storyboard */ = {
			isa = PBXVariantGroup;
			children = (
				FBA3D48F1F79588D002F403B /* Base */,
			);
			name = Main.storyboard;
			sourceTree = "<group>";
		};
		FBA3D4931F79588D002F403B /* LaunchScreen.storyboard */ = {
			isa = PBXVariantGroup;
			children = (
				FBA3D4941F79588D002F403B /* Base */,
			);
			name = LaunchScreen.storyboard;
			sourceTree = "<group>";
		};
/* End PBXVariantGroup section */

/* Begin XCBuildConfiguration section */
		FBA3D4AD1F79588D002F403B /* Debug */ = {
			isa = XCBuildConfiguration;
			buildSettings = {
				ALWAYS_SEARCH_USER_PATHS = NO;
				CLANG_ANALYZER_NONNULL = YES;
				CLANG_CXX_LANGUAGE_STANDARD = "gnu++0x";
				CLANG_CXX_LIBRARY = "libc++";
				CLANG_ENABLE_MODULES = YES;
				CLANG_ENABLE_OBJC_ARC = YES;
				CLANG_WARN_BOOL_CONVERSION = YES;
				CLANG_WARN_CONSTANT_CONVERSION = YES;
				CLANG_WARN_DIRECT_OBJC_ISA_USAGE = YES_ERROR;
				CLANG_WARN_EMPTY_BODY = YES;
				CLANG_WARN_ENUM_CONVERSION = YES;
				CLANG_WARN_INT_CONVERSION = YES;
				CLANG_WARN_OBJC_ROOT_CLASS = YES_ERROR;
				CLANG_WARN_UNREACHABLE_CODE = YES;
				CLANG_WARN__DUPLICATE_METHOD_MATCH = YES;
				"CODE_SIGN_IDENTITY[sdk=iphoneos*]" = "iPhone Developer";
				COPY_PHASE_STRIP = NO;
				DEBUG_INFORMATION_FORMAT = dwarf;
				ENABLE_STRICT_OBJC_MSGSEND = YES;
				ENABLE_TESTABILITY = YES;
				GCC_C_LANGUAGE_STANDARD = gnu99;
				GCC_DYNAMIC_NO_PIC = NO;
				GCC_NO_COMMON_BLOCKS = YES;
				GCC_OPTIMIZATION_LEVEL = 0;
				GCC_PREPROCESSOR_DEFINITIONS = (
					"DEBUG=1",
					"$(inherited)",
				);
				GCC_WARN_64_TO_32_BIT_CONVERSION = YES;
				GCC_WARN_ABOUT_RETURN_TYPE = YES_ERROR;
				GCC_WARN_UNDECLARED_SELECTOR = YES;
				GCC_WARN_UNINITIALIZED_AUTOS = YES_AGGRESSIVE;
				GCC_WARN_UNUSED_FUNCTION = YES;
				GCC_WARN_UNUSED_VARIABLE = YES;
				IPHONEOS_DEPLOYMENT_TARGET = 9.3;
				MTL_ENABLE_DEBUG_INFO = YES;
				ONLY_ACTIVE_ARCH = YES;
				SDKROOT = iphoneos;
				SWIFT_OPTIMIZATION_LEVEL = "-Onone";
			};
			name = Debug;
		};
		FBA3D4AE1F79588D002F403B /* Release */ = {
			isa = XCBuildConfiguration;
			buildSettings = {
				ALWAYS_SEARCH_USER_PATHS = NO;
				CLANG_ANALYZER_NONNULL = YES;
				CLANG_CXX_LANGUAGE_STANDARD = "gnu++0x";
				CLANG_CXX_LIBRARY = "libc++";
				CLANG_ENABLE_MODULES = YES;
				CLANG_ENABLE_OBJC_ARC = YES;
				CLANG_WARN_BOOL_CONVERSION = YES;
				CLANG_WARN_CONSTANT_CONVERSION = YES;
				CLANG_WARN_DIRECT_OBJC_ISA_USAGE = YES_ERROR;
				CLANG_WARN_EMPTY_BODY = YES;
				CLANG_WARN_ENUM_CONVERSION = YES;
				CLANG_WARN_INT_CONVERSION = YES;
				CLANG_WARN_OBJC_ROOT_CLASS = YES_ERROR;
				CLANG_WARN_UNREACHABLE_CODE = YES;
				CLANG_WARN__DUPLICATE_METHOD_MATCH = YES;
				"CODE_SIGN_IDENTITY[sdk=iphoneos*]" = "iPhone Developer";
				COPY_PHASE_STRIP = NO;
				DEBUG_INFORMATION_FORMAT = "dwarf-with-dsym";
				ENABLE_NS_ASSERTIONS = NO;
				ENABLE_STRICT_OBJC_MSGSEND = YES;
				GCC_C_LANGUAGE_STANDARD = gnu99;
				GCC_NO_COMMON_BLOCKS = YES;
				GCC_WARN_64_TO_32_BIT_CONVERSION = YES;
				GCC_WARN_ABOUT_RETURN_TYPE = YES_ERROR;
				GCC_WARN_UNDECLARED_SELECTOR = YES;
				GCC_WARN_UNINITIALIZED_AUTOS = YES_AGGRESSIVE;
				GCC_WARN_UNUSED_FUNCTION = YES;
				GCC_WARN_UNUSED_VARIABLE = YES;
				IPHONEOS_DEPLOYMENT_TARGET = 9.3;
				MTL_ENABLE_DEBUG_INFO = NO;
				SDKROOT = iphoneos;
				VALIDATE_PRODUCT = YES;
			};
			name = Release;
		};
		FBA3D4B01F79588D002F403B /* Debug */ = {
			isa = XCBuildConfiguration;
			buildSettings = {
				ASSETCATALOG_COMPILER_APPICON_NAME = AppIcon;
				INFOPLIST_FILE = "egg timer/Info.plist";
				LD_RUNPATH_SEARCH_PATHS = "$(inherited) @executable_path/Frameworks";
				PRODUCT_BUNDLE_IDENTIFIER = "start.egg-timer";
				PRODUCT_NAME = "$(TARGET_NAME)";
			};
			name = Debug;
		};
		FBA3D4B11F79588D002F403B /* Release */ = {
			isa = XCBuildConfiguration;
			buildSettings = {
				ASSETCATALOG_COMPILER_APPICON_NAME = AppIcon;
				INFOPLIST_FILE = "egg timer/Info.plist";
				LD_RUNPATH_SEARCH_PATHS = "$(inherited) @executable_path/Frameworks";
				PRODUCT_BUNDLE_IDENTIFIER = "start.egg-timer";
				PRODUCT_NAME = "$(TARGET_NAME)";
			};
			name = Release;
		};
		FBA3D4B31F79588D002F403B /* Debug */ = {
			isa = XCBuildConfiguration;
			buildSettings = {
				BUNDLE_LOADER = "$(TEST_HOST)";
				INFOPLIST_FILE = "egg timerTests/Info.plist";
				LD_RUNPATH_SEARCH_PATHS = "$(inherited) @executable_path/Frameworks @loader_path/Frameworks";
				PRODUCT_BUNDLE_IDENTIFIER = "start.egg-timerTests";
				PRODUCT_NAME = "$(TARGET_NAME)";
				TEST_HOST = "$(BUILT_PRODUCTS_DIR)/egg timer.app/egg timer";
			};
			name = Debug;
		};
		FBA3D4B41F79588D002F403B /* Release */ = {
			isa = XCBuildConfiguration;
			buildSettings = {
				BUNDLE_LOADER = "$(TEST_HOST)";
				INFOPLIST_FILE = "egg timerTests/Info.plist";
				LD_RUNPATH_SEARCH_PATHS = "$(inherited) @executable_path/Frameworks @loader_path/Frameworks";
				PRODUCT_BUNDLE_IDENTIFIER = "start.egg-timerTests";
				PRODUCT_NAME = "$(TARGET_NAME)";
				TEST_HOST = "$(BUILT_PRODUCTS_DIR)/egg timer.app/egg timer";
			};
			name = Release;
		};
		FBA3D4B61F79588D002F403B /* Debug */ = {
			isa = XCBuildConfiguration;
			buildSettings = {
				INFOPLIST_FILE = "egg timerUITests/Info.plist";
				LD_RUNPATH_SEARCH_PATHS = "$(inherited) @executable_path/Frameworks @loader_path/Frameworks";
				PRODUCT_BUNDLE_IDENTIFIER = "start.egg-timerUITests";
				PRODUCT_NAME = "$(TARGET_NAME)";
				TEST_TARGET_NAME = "egg timer";
			};
			name = Debug;
		};
		FBA3D4B71F79588D002F403B /* Release */ = {
			isa = XCBuildConfiguration;
			buildSettings = {
				INFOPLIST_FILE = "egg timerUITests/Info.plist";
				LD_RUNPATH_SEARCH_PATHS = "$(inherited) @executable_path/Frameworks @loader_path/Frameworks";
				PRODUCT_BUNDLE_IDENTIFIER = "start.egg-timerUITests";
				PRODUCT_NAME = "$(TARGET_NAME)";
				TEST_TARGET_NAME = "egg timer";
			};
			name = Release;
		};
/* End XCBuildConfiguration section */

/* Begin XCConfigurationList section */
		FBA3D4821F79588D002F403B /* Build configuration list for PBXProject "egg timer" */ = {
			isa = XCConfigurationList;
			buildConfigurations = (
				FBA3D4AD1F79588D002F403B /* Debug */,
				FBA3D4AE1F79588D002F403B /* Release */,
			);
			defaultConfigurationIsVisible = 0;
			defaultConfigurationName = Release;
		};
		FBA3D4AF1F79588D002F403B /* Build configuration list for PBXNativeTarget "egg timer" */ = {
			isa = XCConfigurationList;
			buildConfigurations = (
				FBA3D4B01F79588D002F403B /* Debug */,
				FBA3D4B11F79588D002F403B /* Release */,
			);
			defaultConfigurationIsVisible = 0;
		};
		FBA3D4B21F79588D002F403B /* Build configuration list for PBXNativeTarget "egg timerTests" */ = {
			isa = XCConfigurationList;
			buildConfigurations = (
				FBA3D4B31F79588D002F403B /* Debug */,
				FBA3D4B41F79588D002F403B /* Release */,
			);
			defaultConfigurationIsVisible = 0;
		};
		FBA3D4B51F79588D002F403B /* Build configuration list for PBXNativeTarget "egg timerUITests" */ = {
			isa = XCConfigurationList;
			buildConfigurations = (
				FBA3D4B61F79588D002F403B /* Debug */,
				FBA3D4B71F79588D002F403B /* Release */,
			);
			defaultConfigurationIsVisible = 0;
		};
/* End XCConfigurationList section */
	};
	rootObject = FBA3D47F1F79588D002F403B /* Project object */;
}
